// !$*UTF8*$!
{
	archiveVersion = 1;
	classes = {
	};
	objectVersion = 54;
	objects = {

/* Begin PBXBuildFile section */
		00E356F31AD99517003FC87E /* ZbayMobileTests.m in Sources */ = {isa = PBXBuildFile; fileRef = 00E356F21AD99517003FC87E /* ZbayMobileTests.m */; };
		0109AE73C5324F9B8404B9FE /* Rubik-Italic.ttf in Resources */ = {isa = PBXBuildFile; fileRef = 2386DA39D8B240D9A80ECBD9 /* Rubik-Italic.ttf */; };
		069DD1D7AEEE422CAA8DDBAD /* Rubik-Black.ttf in Resources */ = {isa = PBXBuildFile; fileRef = 087527EFE5B6436EAB420BE2 /* Rubik-Black.ttf */; };
		0FBBD0C07F80428D9985FB09 /* Rubik-LightItalic.ttf in Resources */ = {isa = PBXBuildFile; fileRef = F07611BD79814082A0C19928 /* Rubik-LightItalic.ttf */; };
		1389B75C9E334BCFB4A3E58B /* Rubik-Regular.ttf in Resources */ = {isa = PBXBuildFile; fileRef = F2CAE82B74814677AFF9779E /* Rubik-Regular.ttf */; };
		13B07FBC1A68108700A75B9A /* AppDelegate.m in Sources */ = {isa = PBXBuildFile; fileRef = 13B07FB01A68108700A75B9A /* AppDelegate.m */; };
		13B07FBF1A68108700A75B9A /* Images.xcassets in Resources */ = {isa = PBXBuildFile; fileRef = 13B07FB51A68108700A75B9A /* Images.xcassets */; };
		13B07FC11A68108700A75B9A /* main.m in Sources */ = {isa = PBXBuildFile; fileRef = 13B07FB71A68108700A75B9A /* main.m */; };
		1832BFC52965BEE9003EBA0E /* openssl in Resources */ = {isa = PBXBuildFile; fileRef = 1832BFAE2965BEE8003EBA0E /* openssl */; };
		1832BFC62965BEE9003EBA0E /* uv in Resources */ = {isa = PBXBuildFile; fileRef = 1832BFBF2965BEE8003EBA0E /* uv */; };
		1832C03F2965BF0E003EBA0E /* archs in Resources */ = {isa = PBXBuildFile; fileRef = 1832BFFA2965BF09003EBA0E /* archs */; };
		1832C0422965C27B003EBA0E /* common.gypi in Resources */ = {isa = PBXBuildFile; fileRef = 1832C0402965C27B003EBA0E /* common.gypi */; };
		1832C0432965C27B003EBA0E /* config.gypi in Resources */ = {isa = PBXBuildFile; fileRef = 1832C0412965C27B003EBA0E /* config.gypi */; };
		1842897C295466AA00CA5039 /* NodeMobile.framework in Frameworks */ = {isa = PBXBuildFile; fileRef = 1842897B295466AA00CA5039 /* NodeMobile.framework */; platformFilter = ios; };
		1842897D295466B500CA5039 /* NodeMobile.framework in Frameworks */ = {isa = PBXBuildFile; fileRef = 1842897B295466AA00CA5039 /* NodeMobile.framework */; };
		1842897E295466B500CA5039 /* NodeMobile.framework in Embed Frameworks */ = {isa = PBXBuildFile; fileRef = 1842897B295466AA00CA5039 /* NodeMobile.framework */; settings = {ATTRIBUTES = (CodeSignOnCopy, RemoveHeadersOnCopy, ); }; };
		1868BCED292E9212001D6D5E /* NodeRunner.mm in Sources */ = {isa = PBXBuildFile; fileRef = 1868B952292E9211001D6D5E /* NodeRunner.mm */; };
		1868BCEE292E9212001D6D5E /* RNNodeJsMobile.m in Sources */ = {isa = PBXBuildFile; fileRef = 1868B953292E9211001D6D5E /* RNNodeJsMobile.m */; };
		1868BCF1292E9212001D6D5E /* rn-bridge.cpp in Sources */ = {isa = PBXBuildFile; fileRef = 1868BCEC292E9212001D6D5E /* rn-bridge.cpp */; };
		1868C4382930D7D6001D6D5E /* DataDirectory.swift in Sources */ = {isa = PBXBuildFile; fileRef = 1868C4372930D7D6001D6D5E /* DataDirectory.swift */; };
		1868C43A2930D859001D6D5E /* FindFreePort.swift in Sources */ = {isa = PBXBuildFile; fileRef = 1868C4392930D859001D6D5E /* FindFreePort.swift */; };
		1868C43C2930E255001D6D5E /* CommunicationModule.swift in Sources */ = {isa = PBXBuildFile; fileRef = 1868C43B2930E255001D6D5E /* CommunicationModule.swift */; };
		1868C43E2930EAEA001D6D5E /* CommunicationBridge.m in Sources */ = {isa = PBXBuildFile; fileRef = 1868C43D2930EAEA001D6D5E /* CommunicationBridge.m */; };
		1889CA4E26E763E1004ECFBD /* Extensions.swift in Sources */ = {isa = PBXBuildFile; fileRef = 1889CA4D26E763E1004ECFBD /* Extensions.swift */; };
		1898143A2934CF70001F39E7 /* TorHandler.swift in Sources */ = {isa = PBXBuildFile; fileRef = 189814392934CF70001F39E7 /* TorHandler.swift */; };
		18E5F4AB293F7E6A0096E22C /* blank.html in Resources */ = {isa = PBXBuildFile; fileRef = 18E5F4AA293F7E6A0096E22C /* blank.html */; };
		259FB2D5EA7AB1E874243E8F /* libPods-ZbayMobile-ZbayMobileTests.a in Frameworks */ = {isa = PBXBuildFile; fileRef = D898849847BFA1D235BD59BF /* libPods-ZbayMobile-ZbayMobileTests.a */; };
		3A55FF98DC163A78B0066E25 /* libPods-ZbayMobile.a in Frameworks */ = {isa = PBXBuildFile; fileRef = D1C13886E96F18949CA78867 /* libPods-ZbayMobile.a */; };
		43B99DB1C98D429295E8CB91 /* Rubik-SemiBoldItalic.ttf in Resources */ = {isa = PBXBuildFile; fileRef = 2BB5F4B8D4F3462CB8AF6312 /* Rubik-SemiBoldItalic.ttf */; };
		5CBDF3C0D937401A886684F8 /* Rubik-Light.ttf in Resources */ = {isa = PBXBuildFile; fileRef = 706E1601C7B649A8A40A7877 /* Rubik-Light.ttf */; };
		62541AEC8BEC401EBAAF6198 /* Rubik-ExtraBold.ttf in Resources */ = {isa = PBXBuildFile; fileRef = 18ED84D0299E4E55AB68AA3E /* Rubik-ExtraBold.ttf */; };
		7F80A59D9EC1440186E5D5CF /* Rubik-SemiBold.ttf in Resources */ = {isa = PBXBuildFile; fileRef = BF73B04135634980BC656D6C /* Rubik-SemiBold.ttf */; };
		80CCB457674F4979A3C5DB06 /* Rubik-MediumItalic.ttf in Resources */ = {isa = PBXBuildFile; fileRef = EBC2A7699E0A49059904DD8C /* Rubik-MediumItalic.ttf */; };
		81AB9BB82411601600AC10FF /* LaunchScreen.storyboard in Resources */ = {isa = PBXBuildFile; fileRef = 81AB9BB72411601600AC10FF /* LaunchScreen.storyboard */; };
		8A009A60D84E4B08AB0E8152 /* Rubik-Bold.ttf in Resources */ = {isa = PBXBuildFile; fileRef = E820B3E5514B49EE8C72DECB /* Rubik-Bold.ttf */; };
		9EC9E7C54868433990A479EC /* Rubik-ExtraBoldItalic.ttf in Resources */ = {isa = PBXBuildFile; fileRef = 182B8961416E4D4C8A29793D /* Rubik-ExtraBoldItalic.ttf */; };
		B4D947D797C747ABAC4EDB69 /* Rubik-Medium.ttf in Resources */ = {isa = PBXBuildFile; fileRef = 378A1FDC610441568B568410 /* Rubik-Medium.ttf */; };
		DB3A77793E604ACE8E52C67D /* Rubik-BlackItalic.ttf in Resources */ = {isa = PBXBuildFile; fileRef = 23AE2E9AAC824E76A9C4B3D5 /* Rubik-BlackItalic.ttf */; };
		DCA6BD5DCC514EEF87705ACB /* Rubik-BoldItalic.ttf in Resources */ = {isa = PBXBuildFile; fileRef = 84720E58493F44BE8C4784E3 /* Rubik-BoldItalic.ttf */; };
/* End PBXBuildFile section */

/* Begin PBXContainerItemProxy section */
		00E356F41AD99517003FC87E /* PBXContainerItemProxy */ = {
			isa = PBXContainerItemProxy;
			containerPortal = 83CBB9F71A601CBA00E9B192 /* Project object */;
			proxyType = 1;
			remoteGlobalIDString = 13B07F861A680F5B00A75B9A;
			remoteInfo = ZbayMobile;
		};
/* End PBXContainerItemProxy section */

/* Begin PBXCopyFilesBuildPhase section */
		1868C095292F8FE2001D6D5E /* Embed Frameworks */ = {
			isa = PBXCopyFilesBuildPhase;
			buildActionMask = 2147483647;
			dstPath = "";
			dstSubfolderSpec = 10;
			files = (
				1842897E295466B500CA5039 /* NodeMobile.framework in Embed Frameworks */,
			);
			name = "Embed Frameworks";
			runOnlyForDeploymentPostprocessing = 0;
		};
/* End PBXCopyFilesBuildPhase section */

/* Begin PBXFileReference section */
		00E356EE1AD99517003FC87E /* ZbayMobileTests.xctest */ = {isa = PBXFileReference; explicitFileType = wrapper.cfbundle; includeInIndex = 0; path = ZbayMobileTests.xctest; sourceTree = BUILT_PRODUCTS_DIR; };
		00E356F11AD99517003FC87E /* Info.plist */ = {isa = PBXFileReference; lastKnownFileType = text.plist.xml; path = Info.plist; sourceTree = "<group>"; };
		00E356F21AD99517003FC87E /* ZbayMobileTests.m */ = {isa = PBXFileReference; lastKnownFileType = sourcecode.c.objc; path = ZbayMobileTests.m; sourceTree = "<group>"; };
		087527EFE5B6436EAB420BE2 /* Rubik-Black.ttf */ = {isa = PBXFileReference; explicitFileType = undefined; fileEncoding = 9; includeInIndex = 0; lastKnownFileType = unknown; name = "Rubik-Black.ttf"; path = "../assets/fonts/Rubik-Black.ttf"; sourceTree = "<group>"; };
		13B07F961A680F5B00A75B9A /* ZbayMobile.app */ = {isa = PBXFileReference; explicitFileType = wrapper.application; includeInIndex = 0; path = ZbayMobile.app; sourceTree = BUILT_PRODUCTS_DIR; };
		13B07FAF1A68108700A75B9A /* AppDelegate.h */ = {isa = PBXFileReference; fileEncoding = 4; lastKnownFileType = sourcecode.c.h; name = AppDelegate.h; path = ZbayMobile/AppDelegate.h; sourceTree = "<group>"; };
		13B07FB01A68108700A75B9A /* AppDelegate.m */ = {isa = PBXFileReference; fileEncoding = 4; lastKnownFileType = sourcecode.c.objc; name = AppDelegate.m; path = ZbayMobile/AppDelegate.m; sourceTree = "<group>"; };
		13B07FB51A68108700A75B9A /* Images.xcassets */ = {isa = PBXFileReference; lastKnownFileType = folder.assetcatalog; name = Images.xcassets; path = ZbayMobile/Images.xcassets; sourceTree = "<group>"; };
		13B07FB61A68108700A75B9A /* Info.plist */ = {isa = PBXFileReference; fileEncoding = 4; lastKnownFileType = text.plist.xml; name = Info.plist; path = ZbayMobile/Info.plist; sourceTree = "<group>"; };
		13B07FB71A68108700A75B9A /* main.m */ = {isa = PBXFileReference; fileEncoding = 4; lastKnownFileType = sourcecode.c.objc; name = main.m; path = ZbayMobile/main.m; sourceTree = "<group>"; };
		182B8961416E4D4C8A29793D /* Rubik-ExtraBoldItalic.ttf */ = {isa = PBXFileReference; explicitFileType = undefined; fileEncoding = 9; includeInIndex = 0; lastKnownFileType = unknown; name = "Rubik-ExtraBoldItalic.ttf"; path = "../assets/fonts/Rubik-ExtraBoldItalic.ttf"; sourceTree = "<group>"; };
		1832BFA72965BEE7003EBA0E /* v8-unwinder-state.h */ = {isa = PBXFileReference; fileEncoding = 4; lastKnownFileType = sourcecode.c.h; path = "v8-unwinder-state.h"; sourceTree = "<group>"; };
		1832BFA82965BEE7003EBA0E /* v8-version.h */ = {isa = PBXFileReference; fileEncoding = 4; lastKnownFileType = sourcecode.c.h; path = "v8-version.h"; sourceTree = "<group>"; };
		1832BFA92965BEE7003EBA0E /* v8-inspector-protocol.h */ = {isa = PBXFileReference; fileEncoding = 4; lastKnownFileType = sourcecode.c.h; path = "v8-inspector-protocol.h"; sourceTree = "<group>"; };
		1832BFAA2965BEE7003EBA0E /* v8-metrics.h */ = {isa = PBXFileReference; fileEncoding = 4; lastKnownFileType = sourcecode.c.h; path = "v8-metrics.h"; sourceTree = "<group>"; };
		1832BFAB2965BEE7003EBA0E /* js_native_api_types.h */ = {isa = PBXFileReference; fileEncoding = 4; lastKnownFileType = sourcecode.c.h; path = js_native_api_types.h; sourceTree = "<group>"; };
		1832BFAC2965BEE8003EBA0E /* node_version.h */ = {isa = PBXFileReference; fileEncoding = 4; lastKnownFileType = sourcecode.c.h; path = node_version.h; sourceTree = "<group>"; };
		1832BFAD2965BEE8003EBA0E /* v8-inspector.h */ = {isa = PBXFileReference; fileEncoding = 4; lastKnownFileType = sourcecode.c.h; path = "v8-inspector.h"; sourceTree = "<group>"; };
		1832BFAE2965BEE8003EBA0E /* openssl */ = {isa = PBXFileReference; lastKnownFileType = folder; path = openssl; sourceTree = "<group>"; };
		1832BFAF2965BEE8003EBA0E /* v8-wasm-trap-handler-posix.h */ = {isa = PBXFileReference; fileEncoding = 4; lastKnownFileType = sourcecode.c.h; path = "v8-wasm-trap-handler-posix.h"; sourceTree = "<group>"; };
		1832BFB02965BEE8003EBA0E /* uv.h */ = {isa = PBXFileReference; fileEncoding = 4; lastKnownFileType = sourcecode.c.h; path = uv.h; sourceTree = "<group>"; };
		1832BFB12965BEE8003EBA0E /* v8-wasm-trap-handler-win.h */ = {isa = PBXFileReference; fileEncoding = 4; lastKnownFileType = sourcecode.c.h; path = "v8-wasm-trap-handler-win.h"; sourceTree = "<group>"; };
		1832BFB22965BEE8003EBA0E /* node_object_wrap.h */ = {isa = PBXFileReference; fileEncoding = 4; lastKnownFileType = sourcecode.c.h; path = node_object_wrap.h; sourceTree = "<group>"; };
		1832BFB32965BEE8003EBA0E /* node.h */ = {isa = PBXFileReference; fileEncoding = 4; lastKnownFileType = sourcecode.c.h; path = node.h; sourceTree = "<group>"; };
		1832BFB42965BEE8003EBA0E /* v8-profiler.h */ = {isa = PBXFileReference; fileEncoding = 4; lastKnownFileType = sourcecode.c.h; path = "v8-profiler.h"; sourceTree = "<group>"; };
		1832BFB52965BEE8003EBA0E /* v8-value-serializer-version.h */ = {isa = PBXFileReference; fileEncoding = 4; lastKnownFileType = sourcecode.c.h; path = "v8-value-serializer-version.h"; sourceTree = "<group>"; };
		1832BFB62965BEE8003EBA0E /* v8-fast-api-calls.h */ = {isa = PBXFileReference; fileEncoding = 4; lastKnownFileType = sourcecode.c.h; path = "v8-fast-api-calls.h"; sourceTree = "<group>"; };
		1832BFB72965BEE8003EBA0E /* node_api.h */ = {isa = PBXFileReference; fileEncoding = 4; lastKnownFileType = sourcecode.c.h; path = node_api.h; sourceTree = "<group>"; };
		1832BFB82965BEE8003EBA0E /* v8-platform.h */ = {isa = PBXFileReference; fileEncoding = 4; lastKnownFileType = sourcecode.c.h; path = "v8-platform.h"; sourceTree = "<group>"; };
		1832BFB92965BEE8003EBA0E /* v8-version-string.h */ = {isa = PBXFileReference; fileEncoding = 4; lastKnownFileType = sourcecode.c.h; path = "v8-version-string.h"; sourceTree = "<group>"; };
		1832BFBA2965BEE8003EBA0E /* node_api_types.h */ = {isa = PBXFileReference; fileEncoding = 4; lastKnownFileType = sourcecode.c.h; path = node_api_types.h; sourceTree = "<group>"; };
		1832BFBB2965BEE8003EBA0E /* zlib.h */ = {isa = PBXFileReference; fileEncoding = 4; lastKnownFileType = sourcecode.c.h; path = zlib.h; sourceTree = "<group>"; };
		1832BFBC2965BEE8003EBA0E /* v8-internal.h */ = {isa = PBXFileReference; fileEncoding = 4; lastKnownFileType = sourcecode.c.h; path = "v8-internal.h"; sourceTree = "<group>"; };
		1832BFBD2965BEE8003EBA0E /* zconf.h */ = {isa = PBXFileReference; fileEncoding = 4; lastKnownFileType = sourcecode.c.h; path = zconf.h; sourceTree = "<group>"; };
		1832BFBE2965BEE8003EBA0E /* v8-util.h */ = {isa = PBXFileReference; fileEncoding = 4; lastKnownFileType = sourcecode.c.h; path = "v8-util.h"; sourceTree = "<group>"; };
		1832BFBF2965BEE8003EBA0E /* uv */ = {isa = PBXFileReference; lastKnownFileType = folder; path = uv; sourceTree = "<group>"; };
		1832BFC02965BEE8003EBA0E /* v8.h */ = {isa = PBXFileReference; fileEncoding = 4; lastKnownFileType = sourcecode.c.h; path = v8.h; sourceTree = "<group>"; };
		1832BFC12965BEE8003EBA0E /* js_native_api.h */ = {isa = PBXFileReference; fileEncoding = 4; lastKnownFileType = sourcecode.c.h; path = js_native_api.h; sourceTree = "<group>"; };
		1832BFC22965BEE8003EBA0E /* node_buffer.h */ = {isa = PBXFileReference; fileEncoding = 4; lastKnownFileType = sourcecode.c.h; path = node_buffer.h; sourceTree = "<group>"; };
		1832BFC32965BEE9003EBA0E /* v8config.h */ = {isa = PBXFileReference; fileEncoding = 4; lastKnownFileType = sourcecode.c.h; path = v8config.h; sourceTree = "<group>"; };
		1832BFC42965BEE9003EBA0E /* v8-cppgc.h */ = {isa = PBXFileReference; fileEncoding = 4; lastKnownFileType = sourcecode.c.h; path = "v8-cppgc.h"; sourceTree = "<group>"; };
		1832BFC72965BEF3003EBA0E /* sunos.h */ = {isa = PBXFileReference; fileEncoding = 4; lastKnownFileType = sourcecode.c.h; name = sunos.h; path = uv/sunos.h; sourceTree = "<group>"; };
		1832BFC82965BEF3003EBA0E /* errno.h */ = {isa = PBXFileReference; fileEncoding = 4; lastKnownFileType = sourcecode.c.h; name = errno.h; path = uv/errno.h; sourceTree = "<group>"; };
		1832BFC92965BEF3003EBA0E /* aix.h */ = {isa = PBXFileReference; fileEncoding = 4; lastKnownFileType = sourcecode.c.h; name = aix.h; path = uv/aix.h; sourceTree = "<group>"; };
		1832BFCA2965BEF3003EBA0E /* android-ifaddrs.h */ = {isa = PBXFileReference; fileEncoding = 4; lastKnownFileType = sourcecode.c.h; name = "android-ifaddrs.h"; path = "uv/android-ifaddrs.h"; sourceTree = "<group>"; };
		1832BFCB2965BEF3003EBA0E /* os390.h */ = {isa = PBXFileReference; fileEncoding = 4; lastKnownFileType = sourcecode.c.h; name = os390.h; path = uv/os390.h; sourceTree = "<group>"; };
		1832BFCC2965BEF3003EBA0E /* darwin.h */ = {isa = PBXFileReference; fileEncoding = 4; lastKnownFileType = sourcecode.c.h; name = darwin.h; path = uv/darwin.h; sourceTree = "<group>"; };
		1832BFCD2965BEF3003EBA0E /* threadpool.h */ = {isa = PBXFileReference; fileEncoding = 4; lastKnownFileType = sourcecode.c.h; name = threadpool.h; path = uv/threadpool.h; sourceTree = "<group>"; };
		1832BFCE2965BEF3003EBA0E /* linux.h */ = {isa = PBXFileReference; fileEncoding = 4; lastKnownFileType = sourcecode.c.h; name = linux.h; path = uv/linux.h; sourceTree = "<group>"; };
		1832BFCF2965BEF3003EBA0E /* bsd.h */ = {isa = PBXFileReference; fileEncoding = 4; lastKnownFileType = sourcecode.c.h; name = bsd.h; path = uv/bsd.h; sourceTree = "<group>"; };
		1832BFD02965BEF4003EBA0E /* win.h */ = {isa = PBXFileReference; fileEncoding = 4; lastKnownFileType = sourcecode.c.h; name = win.h; path = uv/win.h; sourceTree = "<group>"; };
		1832BFD12965BEF4003EBA0E /* posix.h */ = {isa = PBXFileReference; fileEncoding = 4; lastKnownFileType = sourcecode.c.h; name = posix.h; path = uv/posix.h; sourceTree = "<group>"; };
		1832BFD22965BEF4003EBA0E /* unix.h */ = {isa = PBXFileReference; fileEncoding = 4; lastKnownFileType = sourcecode.c.h; name = unix.h; path = uv/unix.h; sourceTree = "<group>"; };
		1832BFD32965BEF4003EBA0E /* tree.h */ = {isa = PBXFileReference; fileEncoding = 4; lastKnownFileType = sourcecode.c.h; name = tree.h; path = uv/tree.h; sourceTree = "<group>"; };
		1832BFD42965BEF4003EBA0E /* stdint-msvc2008.h */ = {isa = PBXFileReference; fileEncoding = 4; lastKnownFileType = sourcecode.c.h; name = "stdint-msvc2008.h"; path = "uv/stdint-msvc2008.h"; sourceTree = "<group>"; };
		1832BFD52965BEF4003EBA0E /* version.h */ = {isa = PBXFileReference; fileEncoding = 4; lastKnownFileType = sourcecode.c.h; name = version.h; path = uv/version.h; sourceTree = "<group>"; };
		1832BFD62965BF06003EBA0E /* dsa.h */ = {isa = PBXFileReference; fileEncoding = 4; lastKnownFileType = sourcecode.c.h; name = dsa.h; path = openssl/dsa.h; sourceTree = "<group>"; };
		1832BFD72965BF07003EBA0E /* seed.h */ = {isa = PBXFileReference; fileEncoding = 4; lastKnownFileType = sourcecode.c.h; name = seed.h; path = openssl/seed.h; sourceTree = "<group>"; };
		1832BFD82965BF07003EBA0E /* asn1_mac.h */ = {isa = PBXFileReference; fileEncoding = 4; lastKnownFileType = sourcecode.c.h; name = asn1_mac.h; path = openssl/asn1_mac.h; sourceTree = "<group>"; };
		1832BFD92965BF07003EBA0E /* conferr.h */ = {isa = PBXFileReference; fileEncoding = 4; lastKnownFileType = sourcecode.c.h; name = conferr.h; path = openssl/conferr.h; sourceTree = "<group>"; };
		1832BFDA2965BF07003EBA0E /* evp.h */ = {isa = PBXFileReference; fileEncoding = 4; lastKnownFileType = sourcecode.c.h; name = evp.h; path = openssl/evp.h; sourceTree = "<group>"; };
		1832BFDB2965BF07003EBA0E /* uierr.h */ = {isa = PBXFileReference; fileEncoding = 4; lastKnownFileType = sourcecode.c.h; name = uierr.h; path = openssl/uierr.h; sourceTree = "<group>"; };
		1832BFDC2965BF07003EBA0E /* asn1err.h */ = {isa = PBXFileReference; fileEncoding = 4; lastKnownFileType = sourcecode.c.h; name = asn1err.h; path = openssl/asn1err.h; sourceTree = "<group>"; };
		1832BFDD2965BF07003EBA0E /* bnerr.h */ = {isa = PBXFileReference; fileEncoding = 4; lastKnownFileType = sourcecode.c.h; name = bnerr.h; path = openssl/bnerr.h; sourceTree = "<group>"; };
		1832BFDE2965BF07003EBA0E /* srp.h */ = {isa = PBXFileReference; fileEncoding = 4; lastKnownFileType = sourcecode.c.h; name = srp.h; path = openssl/srp.h; sourceTree = "<group>"; };
		1832BFDF2965BF07003EBA0E /* randerr.h */ = {isa = PBXFileReference; fileEncoding = 4; lastKnownFileType = sourcecode.c.h; name = randerr.h; path = openssl/randerr.h; sourceTree = "<group>"; };
		1832BFE02965BF07003EBA0E /* engine.h */ = {isa = PBXFileReference; fileEncoding = 4; lastKnownFileType = sourcecode.c.h; name = engine.h; path = openssl/engine.h; sourceTree = "<group>"; };
		1832BFE12965BF07003EBA0E /* des.h */ = {isa = PBXFileReference; fileEncoding = 4; lastKnownFileType = sourcecode.c.h; name = des.h; path = openssl/des.h; sourceTree = "<group>"; };
		1832BFE22965BF07003EBA0E /* bio.h */ = {isa = PBXFileReference; fileEncoding = 4; lastKnownFileType = sourcecode.c.h; name = bio.h; path = openssl/bio.h; sourceTree = "<group>"; };
		1832BFE32965BF07003EBA0E /* lhash.h */ = {isa = PBXFileReference; fileEncoding = 4; lastKnownFileType = sourcecode.c.h; name = lhash.h; path = openssl/lhash.h; sourceTree = "<group>"; };
		1832BFE42965BF07003EBA0E /* cryptoerr.h */ = {isa = PBXFileReference; fileEncoding = 4; lastKnownFileType = sourcecode.c.h; name = cryptoerr.h; path = openssl/cryptoerr.h; sourceTree = "<group>"; };
		1832BFE52965BF08003EBA0E /* sslerr.h */ = {isa = PBXFileReference; fileEncoding = 4; lastKnownFileType = sourcecode.c.h; name = sslerr.h; path = openssl/sslerr.h; sourceTree = "<group>"; };
		1832BFE62965BF08003EBA0E /* kdferr.h */ = {isa = PBXFileReference; fileEncoding = 4; lastKnownFileType = sourcecode.c.h; name = kdferr.h; path = openssl/kdferr.h; sourceTree = "<group>"; };
		1832BFE72965BF08003EBA0E /* ecdh.h */ = {isa = PBXFileReference; fileEncoding = 4; lastKnownFileType = sourcecode.c.h; name = ecdh.h; path = openssl/ecdh.h; sourceTree = "<group>"; };
		1832BFE82965BF08003EBA0E /* srtp.h */ = {isa = PBXFileReference; fileEncoding = 4; lastKnownFileType = sourcecode.c.h; name = srtp.h; path = openssl/srtp.h; sourceTree = "<group>"; };
		1832BFE92965BF08003EBA0E /* ripemd.h */ = {isa = PBXFileReference; fileEncoding = 4; lastKnownFileType = sourcecode.c.h; name = ripemd.h; path = openssl/ripemd.h; sourceTree = "<group>"; };
		1832BFEA2965BF08003EBA0E /* tls1.h */ = {isa = PBXFileReference; fileEncoding = 4; lastKnownFileType = sourcecode.c.h; name = tls1.h; path = openssl/tls1.h; sourceTree = "<group>"; };
		1832BFEB2965BF08003EBA0E /* evperr.h */ = {isa = PBXFileReference; fileEncoding = 4; lastKnownFileType = sourcecode.c.h; name = evperr.h; path = openssl/evperr.h; sourceTree = "<group>"; };
		1832BFEC2965BF08003EBA0E /* ebcdic.h */ = {isa = PBXFileReference; fileEncoding = 4; lastKnownFileType = sourcecode.c.h; name = ebcdic.h; path = openssl/ebcdic.h; sourceTree = "<group>"; };
		1832BFED2965BF08003EBA0E /* x509err.h */ = {isa = PBXFileReference; fileEncoding = 4; lastKnownFileType = sourcecode.c.h; name = x509err.h; path = openssl/x509err.h; sourceTree = "<group>"; };
		1832BFEE2965BF08003EBA0E /* ecerr.h */ = {isa = PBXFileReference; fileEncoding = 4; lastKnownFileType = sourcecode.c.h; name = ecerr.h; path = openssl/ecerr.h; sourceTree = "<group>"; };
		1832BFEF2965BF08003EBA0E /* bioerr.h */ = {isa = PBXFileReference; fileEncoding = 4; lastKnownFileType = sourcecode.c.h; name = bioerr.h; path = openssl/bioerr.h; sourceTree = "<group>"; };
		1832BFF02965BF08003EBA0E /* buffer.h */ = {isa = PBXFileReference; fileEncoding = 4; lastKnownFileType = sourcecode.c.h; name = buffer.h; path = openssl/buffer.h; sourceTree = "<group>"; };
		1832BFF12965BF08003EBA0E /* crypto.h */ = {isa = PBXFileReference; fileEncoding = 4; lastKnownFileType = sourcecode.c.h; name = crypto.h; path = openssl/crypto.h; sourceTree = "<group>"; };
		1832BFF22965BF09003EBA0E /* pem2.h */ = {isa = PBXFileReference; fileEncoding = 4; lastKnownFileType = sourcecode.c.h; name = pem2.h; path = openssl/pem2.h; sourceTree = "<group>"; };
		1832BFF32965BF09003EBA0E /* rsa.h */ = {isa = PBXFileReference; fileEncoding = 4; lastKnownFileType = sourcecode.c.h; name = rsa.h; path = openssl/rsa.h; sourceTree = "<group>"; };
		1832BFF42965BF09003EBA0E /* asn1t.h */ = {isa = PBXFileReference; fileEncoding = 4; lastKnownFileType = sourcecode.c.h; name = asn1t.h; path = openssl/asn1t.h; sourceTree = "<group>"; };
		1832BFF52965BF09003EBA0E /* objectserr.h */ = {isa = PBXFileReference; fileEncoding = 4; lastKnownFileType = sourcecode.c.h; name = objectserr.h; path = openssl/objectserr.h; sourceTree = "<group>"; };
		1832BFF62965BF09003EBA0E /* ec.h */ = {isa = PBXFileReference; fileEncoding = 4; lastKnownFileType = sourcecode.c.h; name = ec.h; path = openssl/ec.h; sourceTree = "<group>"; };
		1832BFF72965BF09003EBA0E /* cmserr.h */ = {isa = PBXFileReference; fileEncoding = 4; lastKnownFileType = sourcecode.c.h; name = cmserr.h; path = openssl/cmserr.h; sourceTree = "<group>"; };
		1832BFF82965BF09003EBA0E /* kdf.h */ = {isa = PBXFileReference; fileEncoding = 4; lastKnownFileType = sourcecode.c.h; name = kdf.h; path = openssl/kdf.h; sourceTree = "<group>"; };
		1832BFF92965BF09003EBA0E /* buffererr.h */ = {isa = PBXFileReference; fileEncoding = 4; lastKnownFileType = sourcecode.c.h; name = buffererr.h; path = openssl/buffererr.h; sourceTree = "<group>"; };
		1832BFFA2965BF09003EBA0E /* archs */ = {isa = PBXFileReference; lastKnownFileType = folder; name = archs; path = openssl/archs; sourceTree = "<group>"; };
		1832BFFB2965BF09003EBA0E /* storeerr.h */ = {isa = PBXFileReference; fileEncoding = 4; lastKnownFileType = sourcecode.c.h; name = storeerr.h; path = openssl/storeerr.h; sourceTree = "<group>"; };
		1832BFFC2965BF09003EBA0E /* x509v3err.h */ = {isa = PBXFileReference; fileEncoding = 4; lastKnownFileType = sourcecode.c.h; name = x509v3err.h; path = openssl/x509v3err.h; sourceTree = "<group>"; };
		1832BFFD2965BF09003EBA0E /* ssl2.h */ = {isa = PBXFileReference; fileEncoding = 4; lastKnownFileType = sourcecode.c.h; name = ssl2.h; path = openssl/ssl2.h; sourceTree = "<group>"; };
		1832BFFE2965BF09003EBA0E /* pkcs7err.h */ = {isa = PBXFileReference; fileEncoding = 4; lastKnownFileType = sourcecode.c.h; name = pkcs7err.h; path = openssl/pkcs7err.h; sourceTree = "<group>"; };
		1832BFFF2965BF09003EBA0E /* dherr.h */ = {isa = PBXFileReference; fileEncoding = 4; lastKnownFileType = sourcecode.c.h; name = dherr.h; path = openssl/dherr.h; sourceTree = "<group>"; };
		1832C0002965BF0A003EBA0E /* idea.h */ = {isa = PBXFileReference; fileEncoding = 4; lastKnownFileType = sourcecode.c.h; name = idea.h; path = openssl/idea.h; sourceTree = "<group>"; };
		1832C0012965BF0A003EBA0E /* objects.h */ = {isa = PBXFileReference; fileEncoding = 4; lastKnownFileType = sourcecode.c.h; name = objects.h; path = openssl/objects.h; sourceTree = "<group>"; };
		1832C0022965BF0A003EBA0E /* md5.h */ = {isa = PBXFileReference; fileEncoding = 4; lastKnownFileType = sourcecode.c.h; name = md5.h; path = openssl/md5.h; sourceTree = "<group>"; };
		1832C0032965BF0A003EBA0E /* pkcs12.h */ = {isa = PBXFileReference; fileEncoding = 4; lastKnownFileType = sourcecode.c.h; name = pkcs12.h; path = openssl/pkcs12.h; sourceTree = "<group>"; };
		1832C0042965BF0A003EBA0E /* ocsperr.h */ = {isa = PBXFileReference; fileEncoding = 4; lastKnownFileType = sourcecode.c.h; name = ocsperr.h; path = openssl/ocsperr.h; sourceTree = "<group>"; };
		1832C0052965BF0A003EBA0E /* ssl3.h */ = {isa = PBXFileReference; fileEncoding = 4; lastKnownFileType = sourcecode.c.h; name = ssl3.h; path = openssl/ssl3.h; sourceTree = "<group>"; };
		1832C0062965BF0A003EBA0E /* asn1.h */ = {isa = PBXFileReference; fileEncoding = 4; lastKnownFileType = sourcecode.c.h; name = asn1.h; path = openssl/asn1.h; sourceTree = "<group>"; };
		1832C0072965BF0A003EBA0E /* cms.h */ = {isa = PBXFileReference; fileEncoding = 4; lastKnownFileType = sourcecode.c.h; name = cms.h; path = openssl/cms.h; sourceTree = "<group>"; };
		1832C0082965BF0A003EBA0E /* rc2.h */ = {isa = PBXFileReference; fileEncoding = 4; lastKnownFileType = sourcecode.c.h; name = rc2.h; path = openssl/rc2.h; sourceTree = "<group>"; };
		1832C0092965BF0A003EBA0E /* safestack.h */ = {isa = PBXFileReference; fileEncoding = 4; lastKnownFileType = sourcecode.c.h; name = safestack.h; path = openssl/safestack.h; sourceTree = "<group>"; };
		1832C00A2965BF0A003EBA0E /* x509v3.h */ = {isa = PBXFileReference; fileEncoding = 4; lastKnownFileType = sourcecode.c.h; name = x509v3.h; path = openssl/x509v3.h; sourceTree = "<group>"; };
		1832C00B2965BF0A003EBA0E /* ssl.h */ = {isa = PBXFileReference; fileEncoding = 4; lastKnownFileType = sourcecode.c.h; name = ssl.h; path = openssl/ssl.h; sourceTree = "<group>"; };
		1832C00C2965BF0A003EBA0E /* mdc2.h */ = {isa = PBXFileReference; fileEncoding = 4; lastKnownFileType = sourcecode.c.h; name = mdc2.h; path = openssl/mdc2.h; sourceTree = "<group>"; };
		1832C00D2965BF0A003EBA0E /* symhacks.h */ = {isa = PBXFileReference; fileEncoding = 4; lastKnownFileType = sourcecode.c.h; name = symhacks.h; path = openssl/symhacks.h; sourceTree = "<group>"; };
		1832C00E2965BF0A003EBA0E /* stack.h */ = {isa = PBXFileReference; fileEncoding = 4; lastKnownFileType = sourcecode.c.h; name = stack.h; path = openssl/stack.h; sourceTree = "<group>"; };
		1832C00F2965BF0B003EBA0E /* comp.h */ = {isa = PBXFileReference; fileEncoding = 4; lastKnownFileType = sourcecode.c.h; name = comp.h; path = openssl/comp.h; sourceTree = "<group>"; };
		1832C0102965BF0B003EBA0E /* async.h */ = {isa = PBXFileReference; fileEncoding = 4; lastKnownFileType = sourcecode.c.h; name = async.h; path = openssl/async.h; sourceTree = "<group>"; };
		1832C0112965BF0B003EBA0E /* dh.h */ = {isa = PBXFileReference; fileEncoding = 4; lastKnownFileType = sourcecode.c.h; name = dh.h; path = openssl/dh.h; sourceTree = "<group>"; };
		1832C0122965BF0B003EBA0E /* pemerr.h */ = {isa = PBXFileReference; fileEncoding = 4; lastKnownFileType = sourcecode.c.h; name = pemerr.h; path = openssl/pemerr.h; sourceTree = "<group>"; };
		1832C0132965BF0B003EBA0E /* x509_vfy.h */ = {isa = PBXFileReference; fileEncoding = 4; lastKnownFileType = sourcecode.c.h; name = x509_vfy.h; path = openssl/x509_vfy.h; sourceTree = "<group>"; };
		1832C0142965BF0B003EBA0E /* tserr.h */ = {isa = PBXFileReference; fileEncoding = 4; lastKnownFileType = sourcecode.c.h; name = tserr.h; path = openssl/tserr.h; sourceTree = "<group>"; };
		1832C0152965BF0B003EBA0E /* conf.h */ = {isa = PBXFileReference; fileEncoding = 4; lastKnownFileType = sourcecode.c.h; name = conf.h; path = openssl/conf.h; sourceTree = "<group>"; };
		1832C0162965BF0B003EBA0E /* pkcs7.h */ = {isa = PBXFileReference; fileEncoding = 4; lastKnownFileType = sourcecode.c.h; name = pkcs7.h; path = openssl/pkcs7.h; sourceTree = "<group>"; };
		1832C0172965BF0B003EBA0E /* dsaerr.h */ = {isa = PBXFileReference; fileEncoding = 4; lastKnownFileType = sourcecode.c.h; name = dsaerr.h; path = openssl/dsaerr.h; sourceTree = "<group>"; };
		1832C0182965BF0B003EBA0E /* ecdsa.h */ = {isa = PBXFileReference; fileEncoding = 4; lastKnownFileType = sourcecode.c.h; name = ecdsa.h; path = openssl/ecdsa.h; sourceTree = "<group>"; };
		1832C0192965BF0B003EBA0E /* obj_mac.h */ = {isa = PBXFileReference; fileEncoding = 4; lastKnownFileType = sourcecode.c.h; name = obj_mac.h; path = openssl/obj_mac.h; sourceTree = "<group>"; };
		1832C01A2965BF0B003EBA0E /* blowfish.h */ = {isa = PBXFileReference; fileEncoding = 4; lastKnownFileType = sourcecode.c.h; name = blowfish.h; path = openssl/blowfish.h; sourceTree = "<group>"; };
		1832C01B2965BF0B003EBA0E /* ossl_typ.h */ = {isa = PBXFileReference; fileEncoding = 4; lastKnownFileType = sourcecode.c.h; name = ossl_typ.h; path = openssl/ossl_typ.h; sourceTree = "<group>"; };
		1832C01C2965BF0B003EBA0E /* sha.h */ = {isa = PBXFileReference; fileEncoding = 4; lastKnownFileType = sourcecode.c.h; name = sha.h; path = openssl/sha.h; sourceTree = "<group>"; };
		1832C01D2965BF0B003EBA0E /* ts.h */ = {isa = PBXFileReference; fileEncoding = 4; lastKnownFileType = sourcecode.c.h; name = ts.h; path = openssl/ts.h; sourceTree = "<group>"; };
		1832C01E2965BF0C003EBA0E /* x509.h */ = {isa = PBXFileReference; fileEncoding = 4; lastKnownFileType = sourcecode.c.h; name = x509.h; path = openssl/x509.h; sourceTree = "<group>"; };
		1832C01F2965BF0C003EBA0E /* bn.h */ = {isa = PBXFileReference; fileEncoding = 4; lastKnownFileType = sourcecode.c.h; name = bn.h; path = openssl/bn.h; sourceTree = "<group>"; };
		1832C0202965BF0C003EBA0E /* err.h */ = {isa = PBXFileReference; fileEncoding = 4; lastKnownFileType = sourcecode.c.h; name = err.h; path = openssl/err.h; sourceTree = "<group>"; };
		1832C0212965BF0C003EBA0E /* rand.h */ = {isa = PBXFileReference; fileEncoding = 4; lastKnownFileType = sourcecode.c.h; name = rand.h; path = openssl/rand.h; sourceTree = "<group>"; };
		1832C0222965BF0C003EBA0E /* conf_api.h */ = {isa = PBXFileReference; fileEncoding = 4; lastKnownFileType = sourcecode.c.h; name = conf_api.h; path = openssl/conf_api.h; sourceTree = "<group>"; };
		1832C0232965BF0C003EBA0E /* rc4.h */ = {isa = PBXFileReference; fileEncoding = 4; lastKnownFileType = sourcecode.c.h; name = rc4.h; path = openssl/rc4.h; sourceTree = "<group>"; };
		1832C0242965BF0C003EBA0E /* rc5.h */ = {isa = PBXFileReference; fileEncoding = 4; lastKnownFileType = sourcecode.c.h; name = rc5.h; path = openssl/rc5.h; sourceTree = "<group>"; };
		1832C0252965BF0C003EBA0E /* asyncerr.h */ = {isa = PBXFileReference; fileEncoding = 4; lastKnownFileType = sourcecode.c.h; name = asyncerr.h; path = openssl/asyncerr.h; sourceTree = "<group>"; };
		1832C0262965BF0C003EBA0E /* hmac.h */ = {isa = PBXFileReference; fileEncoding = 4; lastKnownFileType = sourcecode.c.h; name = hmac.h; path = openssl/hmac.h; sourceTree = "<group>"; };
		1832C0272965BF0C003EBA0E /* md2.h */ = {isa = PBXFileReference; fileEncoding = 4; lastKnownFileType = sourcecode.c.h; name = md2.h; path = openssl/md2.h; sourceTree = "<group>"; };
		1832C0282965BF0C003EBA0E /* engineerr.h */ = {isa = PBXFileReference; fileEncoding = 4; lastKnownFileType = sourcecode.c.h; name = engineerr.h; path = openssl/engineerr.h; sourceTree = "<group>"; };
		1832C0292965BF0C003EBA0E /* rand_drbg.h */ = {isa = PBXFileReference; fileEncoding = 4; lastKnownFileType = sourcecode.c.h; name = rand_drbg.h; path = openssl/rand_drbg.h; sourceTree = "<group>"; };
		1832C02A2965BF0C003EBA0E /* opensslconf.h */ = {isa = PBXFileReference; fileEncoding = 4; lastKnownFileType = sourcecode.c.h; name = opensslconf.h; path = openssl/opensslconf.h; sourceTree = "<group>"; };
		1832C02B2965BF0C003EBA0E /* opensslv.h */ = {isa = PBXFileReference; fileEncoding = 4; lastKnownFileType = sourcecode.c.h; name = opensslv.h; path = openssl/opensslv.h; sourceTree = "<group>"; };
		1832C02C2965BF0C003EBA0E /* rsaerr.h */ = {isa = PBXFileReference; fileEncoding = 4; lastKnownFileType = sourcecode.c.h; name = rsaerr.h; path = openssl/rsaerr.h; sourceTree = "<group>"; };
		1832C02D2965BF0D003EBA0E /* ct.h */ = {isa = PBXFileReference; fileEncoding = 4; lastKnownFileType = sourcecode.c.h; name = ct.h; path = openssl/ct.h; sourceTree = "<group>"; };
		1832C02E2965BF0D003EBA0E /* comperr.h */ = {isa = PBXFileReference; fileEncoding = 4; lastKnownFileType = sourcecode.c.h; name = comperr.h; path = openssl/comperr.h; sourceTree = "<group>"; };
		1832C02F2965BF0D003EBA0E /* pkcs12err.h */ = {isa = PBXFileReference; fileEncoding = 4; lastKnownFileType = sourcecode.c.h; name = pkcs12err.h; path = openssl/pkcs12err.h; sourceTree = "<group>"; };
		1832C0302965BF0D003EBA0E /* md4.h */ = {isa = PBXFileReference; fileEncoding = 4; lastKnownFileType = sourcecode.c.h; name = md4.h; path = openssl/md4.h; sourceTree = "<group>"; };
		1832C0312965BF0D003EBA0E /* whrlpool.h */ = {isa = PBXFileReference; fileEncoding = 4; lastKnownFileType = sourcecode.c.h; name = whrlpool.h; path = openssl/whrlpool.h; sourceTree = "<group>"; };
		1832C0322965BF0D003EBA0E /* cmac.h */ = {isa = PBXFileReference; fileEncoding = 4; lastKnownFileType = sourcecode.c.h; name = cmac.h; path = openssl/cmac.h; sourceTree = "<group>"; };
		1832C0332965BF0D003EBA0E /* e_os2.h */ = {isa = PBXFileReference; fileEncoding = 4; lastKnownFileType = sourcecode.c.h; name = e_os2.h; path = openssl/e_os2.h; sourceTree = "<group>"; };
		1832C0342965BF0D003EBA0E /* aes.h */ = {isa = PBXFileReference; fileEncoding = 4; lastKnownFileType = sourcecode.c.h; name = aes.h; path = openssl/aes.h; sourceTree = "<group>"; };
		1832C0352965BF0D003EBA0E /* cterr.h */ = {isa = PBXFileReference; fileEncoding = 4; lastKnownFileType = sourcecode.c.h; name = cterr.h; path = openssl/cterr.h; sourceTree = "<group>"; };
		1832C0362965BF0D003EBA0E /* cast.h */ = {isa = PBXFileReference; fileEncoding = 4; lastKnownFileType = sourcecode.c.h; name = cast.h; path = openssl/cast.h; sourceTree = "<group>"; };
		1832C0372965BF0D003EBA0E /* modes.h */ = {isa = PBXFileReference; fileEncoding = 4; lastKnownFileType = sourcecode.c.h; name = modes.h; path = openssl/modes.h; sourceTree = "<group>"; };
		1832C0382965BF0D003EBA0E /* txt_db.h */ = {isa = PBXFileReference; fileEncoding = 4; lastKnownFileType = sourcecode.c.h; name = txt_db.h; path = openssl/txt_db.h; sourceTree = "<group>"; };
		1832C0392965BF0D003EBA0E /* pem.h */ = {isa = PBXFileReference; fileEncoding = 4; lastKnownFileType = sourcecode.c.h; name = pem.h; path = openssl/pem.h; sourceTree = "<group>"; };
		1832C03A2965BF0D003EBA0E /* dtls1.h */ = {isa = PBXFileReference; fileEncoding = 4; lastKnownFileType = sourcecode.c.h; name = dtls1.h; path = openssl/dtls1.h; sourceTree = "<group>"; };
		1832C03B2965BF0D003EBA0E /* ui.h */ = {isa = PBXFileReference; fileEncoding = 4; lastKnownFileType = sourcecode.c.h; name = ui.h; path = openssl/ui.h; sourceTree = "<group>"; };
		1832C03C2965BF0E003EBA0E /* camellia.h */ = {isa = PBXFileReference; fileEncoding = 4; lastKnownFileType = sourcecode.c.h; name = camellia.h; path = openssl/camellia.h; sourceTree = "<group>"; };
		1832C03D2965BF0E003EBA0E /* ocsp.h */ = {isa = PBXFileReference; fileEncoding = 4; lastKnownFileType = sourcecode.c.h; name = ocsp.h; path = openssl/ocsp.h; sourceTree = "<group>"; };
		1832C03E2965BF0E003EBA0E /* store.h */ = {isa = PBXFileReference; fileEncoding = 4; lastKnownFileType = sourcecode.c.h; name = store.h; path = openssl/store.h; sourceTree = "<group>"; };
		1832C0402965C27B003EBA0E /* common.gypi */ = {isa = PBXFileReference; fileEncoding = 4; lastKnownFileType = text; path = common.gypi; sourceTree = "<group>"; };
		1832C0412965C27B003EBA0E /* config.gypi */ = {isa = PBXFileReference; fileEncoding = 4; lastKnownFileType = text; path = config.gypi; sourceTree = "<group>"; };
		1842897B295466AA00CA5039 /* NodeMobile.framework */ = {isa = PBXFileReference; lastKnownFileType = wrapper.framework; name = NodeMobile.framework; path = NodeJsMobile/NodeMobile.framework; sourceTree = "<group>"; };
		1868B94F292E9211001D6D5E /* RNNodeJsMobile.h */ = {isa = PBXFileReference; fileEncoding = 4; lastKnownFileType = sourcecode.c.h; path = RNNodeJsMobile.h; sourceTree = "<group>"; };
		1868B950292E9211001D6D5E /* NodeRunner.hpp */ = {isa = PBXFileReference; fileEncoding = 4; lastKnownFileType = sourcecode.cpp.h; path = NodeRunner.hpp; sourceTree = "<group>"; };
		1868B951292E9211001D6D5E /* rn-bridge.h */ = {isa = PBXFileReference; fileEncoding = 4; lastKnownFileType = sourcecode.c.h; path = "rn-bridge.h"; sourceTree = "<group>"; };
		1868B952292E9211001D6D5E /* NodeRunner.mm */ = {isa = PBXFileReference; fileEncoding = 4; lastKnownFileType = sourcecode.cpp.objcpp; path = NodeRunner.mm; sourceTree = "<group>"; };
		1868B953292E9211001D6D5E /* RNNodeJsMobile.m */ = {isa = PBXFileReference; fileEncoding = 4; lastKnownFileType = sourcecode.c.objc; path = RNNodeJsMobile.m; sourceTree = "<group>"; };
		1868BCEC292E9212001D6D5E /* rn-bridge.cpp */ = {isa = PBXFileReference; fileEncoding = 4; lastKnownFileType = sourcecode.cpp.cpp; path = "rn-bridge.cpp"; sourceTree = "<group>"; };
		1868C4372930D7D6001D6D5E /* DataDirectory.swift */ = {isa = PBXFileReference; lastKnownFileType = sourcecode.swift; path = DataDirectory.swift; sourceTree = "<group>"; };
		1868C4392930D859001D6D5E /* FindFreePort.swift */ = {isa = PBXFileReference; fileEncoding = 4; lastKnownFileType = sourcecode.swift; path = FindFreePort.swift; sourceTree = "<group>"; };
		1868C43B2930E255001D6D5E /* CommunicationModule.swift */ = {isa = PBXFileReference; lastKnownFileType = sourcecode.swift; path = CommunicationModule.swift; sourceTree = "<group>"; };
		1868C43D2930EAEA001D6D5E /* CommunicationBridge.m */ = {isa = PBXFileReference; lastKnownFileType = sourcecode.c.objc; path = CommunicationBridge.m; sourceTree = "<group>"; };
		186B5CD726B16F1A00BF9FFA /* ZbayMobile-Bridging-Header.h */ = {isa = PBXFileReference; lastKnownFileType = sourcecode.c.h; path = "ZbayMobile-Bridging-Header.h"; sourceTree = "<group>"; };
		1889CA4D26E763E1004ECFBD /* Extensions.swift */ = {isa = PBXFileReference; lastKnownFileType = sourcecode.swift; path = Extensions.swift; sourceTree = "<group>"; };
		189814392934CF70001F39E7 /* TorHandler.swift */ = {isa = PBXFileReference; lastKnownFileType = sourcecode.swift; path = TorHandler.swift; sourceTree = "<group>"; };
		18E5F4AA293F7E6A0096E22C /* blank.html */ = {isa = PBXFileReference; lastKnownFileType = text.html; path = blank.html; sourceTree = "<group>"; };
		18ED84D0299E4E55AB68AA3E /* Rubik-ExtraBold.ttf */ = {isa = PBXFileReference; explicitFileType = undefined; fileEncoding = 9; includeInIndex = 0; lastKnownFileType = unknown; name = "Rubik-ExtraBold.ttf"; path = "../assets/fonts/Rubik-ExtraBold.ttf"; sourceTree = "<group>"; };
		18FE5FF326F4C06B0016DAC7 /* ZbayMobile.entitlements */ = {isa = PBXFileReference; lastKnownFileType = text.plist.entitlements; name = ZbayMobile.entitlements; path = ZbayMobile/ZbayMobile.entitlements; sourceTree = "<group>"; };
		2386DA39D8B240D9A80ECBD9 /* Rubik-Italic.ttf */ = {isa = PBXFileReference; explicitFileType = undefined; fileEncoding = 9; includeInIndex = 0; lastKnownFileType = unknown; name = "Rubik-Italic.ttf"; path = "../assets/fonts/Rubik-Italic.ttf"; sourceTree = "<group>"; };
		23AE2E9AAC824E76A9C4B3D5 /* Rubik-BlackItalic.ttf */ = {isa = PBXFileReference; explicitFileType = undefined; fileEncoding = 9; includeInIndex = 0; lastKnownFileType = unknown; name = "Rubik-BlackItalic.ttf"; path = "../assets/fonts/Rubik-BlackItalic.ttf"; sourceTree = "<group>"; };
		243B7D560DEB1C707F0DC0DC /* Pods-ZbayMobile.release.xcconfig */ = {isa = PBXFileReference; includeInIndex = 1; lastKnownFileType = text.xcconfig; name = "Pods-ZbayMobile.release.xcconfig"; path = "Target Support Files/Pods-ZbayMobile/Pods-ZbayMobile.release.xcconfig"; sourceTree = "<group>"; };
		2BB5F4B8D4F3462CB8AF6312 /* Rubik-SemiBoldItalic.ttf */ = {isa = PBXFileReference; explicitFileType = undefined; fileEncoding = 9; includeInIndex = 0; lastKnownFileType = unknown; name = "Rubik-SemiBoldItalic.ttf"; path = "../assets/fonts/Rubik-SemiBoldItalic.ttf"; sourceTree = "<group>"; };
		378A1FDC610441568B568410 /* Rubik-Medium.ttf */ = {isa = PBXFileReference; explicitFileType = undefined; fileEncoding = 9; includeInIndex = 0; lastKnownFileType = unknown; name = "Rubik-Medium.ttf"; path = "../assets/fonts/Rubik-Medium.ttf"; sourceTree = "<group>"; };
		4831B714C89CCD78AEC44173 /* Pods-ZbayMobile.debug.xcconfig */ = {isa = PBXFileReference; includeInIndex = 1; lastKnownFileType = text.xcconfig; name = "Pods-ZbayMobile.debug.xcconfig"; path = "Target Support Files/Pods-ZbayMobile/Pods-ZbayMobile.debug.xcconfig"; sourceTree = "<group>"; };
		706E1601C7B649A8A40A7877 /* Rubik-Light.ttf */ = {isa = PBXFileReference; explicitFileType = undefined; fileEncoding = 9; includeInIndex = 0; lastKnownFileType = unknown; name = "Rubik-Light.ttf"; path = "../assets/fonts/Rubik-Light.ttf"; sourceTree = "<group>"; };
		81AB9BB72411601600AC10FF /* LaunchScreen.storyboard */ = {isa = PBXFileReference; fileEncoding = 4; lastKnownFileType = file.storyboard; name = LaunchScreen.storyboard; path = ZbayMobile/LaunchScreen.storyboard; sourceTree = "<group>"; };
		8394C4039BE4E99FB3E0E777 /* Pods-ZbayMobile-ZbayMobileTests.release.xcconfig */ = {isa = PBXFileReference; includeInIndex = 1; lastKnownFileType = text.xcconfig; name = "Pods-ZbayMobile-ZbayMobileTests.release.xcconfig"; path = "Target Support Files/Pods-ZbayMobile-ZbayMobileTests/Pods-ZbayMobile-ZbayMobileTests.release.xcconfig"; sourceTree = "<group>"; };
		84720E58493F44BE8C4784E3 /* Rubik-BoldItalic.ttf */ = {isa = PBXFileReference; explicitFileType = undefined; fileEncoding = 9; includeInIndex = 0; lastKnownFileType = unknown; name = "Rubik-BoldItalic.ttf"; path = "../assets/fonts/Rubik-BoldItalic.ttf"; sourceTree = "<group>"; };
		BF73B04135634980BC656D6C /* Rubik-SemiBold.ttf */ = {isa = PBXFileReference; explicitFileType = undefined; fileEncoding = 9; includeInIndex = 0; lastKnownFileType = unknown; name = "Rubik-SemiBold.ttf"; path = "../assets/fonts/Rubik-SemiBold.ttf"; sourceTree = "<group>"; };
		D1C13886E96F18949CA78867 /* libPods-ZbayMobile.a */ = {isa = PBXFileReference; explicitFileType = archive.ar; includeInIndex = 0; path = "libPods-ZbayMobile.a"; sourceTree = BUILT_PRODUCTS_DIR; };
		D898849847BFA1D235BD59BF /* libPods-ZbayMobile-ZbayMobileTests.a */ = {isa = PBXFileReference; explicitFileType = archive.ar; includeInIndex = 0; path = "libPods-ZbayMobile-ZbayMobileTests.a"; sourceTree = BUILT_PRODUCTS_DIR; };
		DEA82A1BF21846BBE4FB1322 /* Pods-ZbayMobile-ZbayMobileTests.debug.xcconfig */ = {isa = PBXFileReference; includeInIndex = 1; lastKnownFileType = text.xcconfig; name = "Pods-ZbayMobile-ZbayMobileTests.debug.xcconfig"; path = "Target Support Files/Pods-ZbayMobile-ZbayMobileTests/Pods-ZbayMobile-ZbayMobileTests.debug.xcconfig"; sourceTree = "<group>"; };
		E820B3E5514B49EE8C72DECB /* Rubik-Bold.ttf */ = {isa = PBXFileReference; explicitFileType = undefined; fileEncoding = 9; includeInIndex = 0; lastKnownFileType = unknown; name = "Rubik-Bold.ttf"; path = "../assets/fonts/Rubik-Bold.ttf"; sourceTree = "<group>"; };
		EBC2A7699E0A49059904DD8C /* Rubik-MediumItalic.ttf */ = {isa = PBXFileReference; explicitFileType = undefined; fileEncoding = 9; includeInIndex = 0; lastKnownFileType = unknown; name = "Rubik-MediumItalic.ttf"; path = "../assets/fonts/Rubik-MediumItalic.ttf"; sourceTree = "<group>"; };
		F07611BD79814082A0C19928 /* Rubik-LightItalic.ttf */ = {isa = PBXFileReference; explicitFileType = undefined; fileEncoding = 9; includeInIndex = 0; lastKnownFileType = unknown; name = "Rubik-LightItalic.ttf"; path = "../assets/fonts/Rubik-LightItalic.ttf"; sourceTree = "<group>"; };
		F2CAE82B74814677AFF9779E /* Rubik-Regular.ttf */ = {isa = PBXFileReference; explicitFileType = undefined; fileEncoding = 9; includeInIndex = 0; lastKnownFileType = unknown; name = "Rubik-Regular.ttf"; path = "../assets/fonts/Rubik-Regular.ttf"; sourceTree = "<group>"; };
/* End PBXFileReference section */

/* Begin PBXFrameworksBuildPhase section */
		00E356EB1AD99517003FC87E /* Frameworks */ = {
			isa = PBXFrameworksBuildPhase;
			buildActionMask = 2147483647;
			files = (
				1842897C295466AA00CA5039 /* NodeMobile.framework in Frameworks */,
				259FB2D5EA7AB1E874243E8F /* libPods-ZbayMobile-ZbayMobileTests.a in Frameworks */,
			);
			runOnlyForDeploymentPostprocessing = 0;
		};
		13B07F8C1A680F5B00A75B9A /* Frameworks */ = {
			isa = PBXFrameworksBuildPhase;
			buildActionMask = 2147483647;
			files = (
				1842897D295466B500CA5039 /* NodeMobile.framework in Frameworks */,
				3A55FF98DC163A78B0066E25 /* libPods-ZbayMobile.a in Frameworks */,
			);
			runOnlyForDeploymentPostprocessing = 0;
		};
/* End PBXFrameworksBuildPhase section */

/* Begin PBXGroup section */
		00E356EF1AD99517003FC87E /* ZbayMobileTests */ = {
			isa = PBXGroup;
			children = (
				00E356F21AD99517003FC87E /* ZbayMobileTests.m */,
				00E356F01AD99517003FC87E /* Supporting Files */,
			);
			path = ZbayMobileTests;
			sourceTree = "<group>";
		};
		00E356F01AD99517003FC87E /* Supporting Files */ = {
			isa = PBXGroup;
			children = (
				00E356F11AD99517003FC87E /* Info.plist */,
			);
			name = "Supporting Files";
			sourceTree = "<group>";
		};
		13B07FAE1A68108700A75B9A /* ZbayMobile */ = {
			isa = PBXGroup;
			children = (
				1868B94E292E9211001D6D5E /* NodeJsMobile */,
				1868C4372930D7D6001D6D5E /* DataDirectory.swift */,
				1868C4392930D859001D6D5E /* FindFreePort.swift */,
				189814392934CF70001F39E7 /* TorHandler.swift */,
				18FE5FF326F4C06B0016DAC7 /* ZbayMobile.entitlements */,
				13B07FAF1A68108700A75B9A /* AppDelegate.h */,
				13B07FB01A68108700A75B9A /* AppDelegate.m */,
				13B07FB51A68108700A75B9A /* Images.xcassets */,
				13B07FB61A68108700A75B9A /* Info.plist */,
				81AB9BB72411601600AC10FF /* LaunchScreen.storyboard */,
				13B07FB71A68108700A75B9A /* main.m */,
				186B5CD726B16F1A00BF9FFA /* ZbayMobile-Bridging-Header.h */,
				1889CA4D26E763E1004ECFBD /* Extensions.swift */,
				1868C43B2930E255001D6D5E /* CommunicationModule.swift */,
				1868C43D2930EAEA001D6D5E /* CommunicationBridge.m */,
			);
			name = ZbayMobile;
			sourceTree = "<group>";
		};
		1868B94E292E9211001D6D5E /* NodeJsMobile */ = {
			isa = PBXGroup;
			children = (
				1868C096292F997A001D6D5E /* libnode */,
				1868B94F292E9211001D6D5E /* RNNodeJsMobile.h */,
				1868B950292E9211001D6D5E /* NodeRunner.hpp */,
				1868B951292E9211001D6D5E /* rn-bridge.h */,
				1868B952292E9211001D6D5E /* NodeRunner.mm */,
				1868B953292E9211001D6D5E /* RNNodeJsMobile.m */,
				1868BCEC292E9212001D6D5E /* rn-bridge.cpp */,
			);
			path = NodeJsMobile;
			sourceTree = "<group>";
		};
		1868C096292F997A001D6D5E /* libnode */ = {
			isa = PBXGroup;
			children = (
				1868C097292F997A001D6D5E /* include */,
			);
			name = libnode;
			path = ../../../../../monorepo/packages/mobile/ios/NodeJsMobile/libnode;
			sourceTree = "<group>";
		};
		1868C097292F997A001D6D5E /* include */ = {
			isa = PBXGroup;
			children = (
				1868C098292F997A001D6D5E /* node */,
			);
			path = include;
			sourceTree = "<group>";
		};
		1868C098292F997A001D6D5E /* node */ = {
			isa = PBXGroup;
			children = (
				1832C0402965C27B003EBA0E /* common.gypi */,
				1832C0412965C27B003EBA0E /* config.gypi */,
				1832BFAB2965BEE7003EBA0E /* js_native_api_types.h */,
				1832BFC12965BEE8003EBA0E /* js_native_api.h */,
				1832BFBA2965BEE8003EBA0E /* node_api_types.h */,
				1832BFB72965BEE8003EBA0E /* node_api.h */,
				1832BFC22965BEE8003EBA0E /* node_buffer.h */,
				1832BFB22965BEE8003EBA0E /* node_object_wrap.h */,
				1832BFAC2965BEE8003EBA0E /* node_version.h */,
				1832BFB32965BEE8003EBA0E /* node.h */,
				1832BFAE2965BEE8003EBA0E /* openssl */,
				1832C0342965BF0D003EBA0E /* aes.h */,
				1832BFFA2965BF09003EBA0E /* archs */,
				1832BFD82965BF07003EBA0E /* asn1_mac.h */,
				1832C0062965BF0A003EBA0E /* asn1.h */,
				1832BFDC2965BF07003EBA0E /* asn1err.h */,
				1832BFF42965BF09003EBA0E /* asn1t.h */,
				1832C0102965BF0B003EBA0E /* async.h */,
				1832C0252965BF0C003EBA0E /* asyncerr.h */,
				1832BFE22965BF07003EBA0E /* bio.h */,
				1832BFEF2965BF08003EBA0E /* bioerr.h */,
				1832C01A2965BF0B003EBA0E /* blowfish.h */,
				1832C01F2965BF0C003EBA0E /* bn.h */,
				1832BFDD2965BF07003EBA0E /* bnerr.h */,
				1832BFF02965BF08003EBA0E /* buffer.h */,
				1832BFF92965BF09003EBA0E /* buffererr.h */,
				1832C03C2965BF0E003EBA0E /* camellia.h */,
				1832C0362965BF0D003EBA0E /* cast.h */,
				1832C0322965BF0D003EBA0E /* cmac.h */,
				1832C0072965BF0A003EBA0E /* cms.h */,
				1832BFF72965BF09003EBA0E /* cmserr.h */,
				1832C00F2965BF0B003EBA0E /* comp.h */,
				1832C02E2965BF0D003EBA0E /* comperr.h */,
				1832C0222965BF0C003EBA0E /* conf_api.h */,
				1832C0152965BF0B003EBA0E /* conf.h */,
				1832BFD92965BF07003EBA0E /* conferr.h */,
				1832BFF12965BF08003EBA0E /* crypto.h */,
				1832BFE42965BF07003EBA0E /* cryptoerr.h */,
				1832C02D2965BF0D003EBA0E /* ct.h */,
				1832C0352965BF0D003EBA0E /* cterr.h */,
				1832BFE12965BF07003EBA0E /* des.h */,
				1832C0112965BF0B003EBA0E /* dh.h */,
				1832BFFF2965BF09003EBA0E /* dherr.h */,
				1832BFD62965BF06003EBA0E /* dsa.h */,
				1832C0172965BF0B003EBA0E /* dsaerr.h */,
				1832C03A2965BF0D003EBA0E /* dtls1.h */,
				1832C0332965BF0D003EBA0E /* e_os2.h */,
				1832BFEC2965BF08003EBA0E /* ebcdic.h */,
				1832BFF62965BF09003EBA0E /* ec.h */,
				1832BFE72965BF08003EBA0E /* ecdh.h */,
				1832C0182965BF0B003EBA0E /* ecdsa.h */,
				1832BFEE2965BF08003EBA0E /* ecerr.h */,
				1832BFE02965BF07003EBA0E /* engine.h */,
				1832C0282965BF0C003EBA0E /* engineerr.h */,
				1832C0202965BF0C003EBA0E /* err.h */,
				1832BFDA2965BF07003EBA0E /* evp.h */,
				1832BFEB2965BF08003EBA0E /* evperr.h */,
				1832C0262965BF0C003EBA0E /* hmac.h */,
				1832C0002965BF0A003EBA0E /* idea.h */,
				1832BFF82965BF09003EBA0E /* kdf.h */,
				1832BFE62965BF08003EBA0E /* kdferr.h */,
				1832BFE32965BF07003EBA0E /* lhash.h */,
				1832C0272965BF0C003EBA0E /* md2.h */,
				1832C0302965BF0D003EBA0E /* md4.h */,
				1832C0022965BF0A003EBA0E /* md5.h */,
				1832C00C2965BF0A003EBA0E /* mdc2.h */,
				1832C0372965BF0D003EBA0E /* modes.h */,
				1832C0192965BF0B003EBA0E /* obj_mac.h */,
				1832C0012965BF0A003EBA0E /* objects.h */,
				1832BFF52965BF09003EBA0E /* objectserr.h */,
				1832C03D2965BF0E003EBA0E /* ocsp.h */,
				1832C0042965BF0A003EBA0E /* ocsperr.h */,
				1832C02A2965BF0C003EBA0E /* opensslconf.h */,
				1832C02B2965BF0C003EBA0E /* opensslv.h */,
				1832C01B2965BF0B003EBA0E /* ossl_typ.h */,
				1832C0392965BF0D003EBA0E /* pem.h */,
				1832BFF22965BF09003EBA0E /* pem2.h */,
				1832C0122965BF0B003EBA0E /* pemerr.h */,
				1832C0162965BF0B003EBA0E /* pkcs7.h */,
				1832BFFE2965BF09003EBA0E /* pkcs7err.h */,
				1832C0032965BF0A003EBA0E /* pkcs12.h */,
				1832C02F2965BF0D003EBA0E /* pkcs12err.h */,
				1832C0292965BF0C003EBA0E /* rand_drbg.h */,
				1832C0212965BF0C003EBA0E /* rand.h */,
				1832BFDF2965BF07003EBA0E /* randerr.h */,
				1832C0082965BF0A003EBA0E /* rc2.h */,
				1832C0232965BF0C003EBA0E /* rc4.h */,
				1832C0242965BF0C003EBA0E /* rc5.h */,
				1832BFE92965BF08003EBA0E /* ripemd.h */,
				1832BFF32965BF09003EBA0E /* rsa.h */,
				1832C02C2965BF0C003EBA0E /* rsaerr.h */,
				1832C0092965BF0A003EBA0E /* safestack.h */,
				1832BFD72965BF07003EBA0E /* seed.h */,
				1832C01C2965BF0B003EBA0E /* sha.h */,
				1832BFDE2965BF07003EBA0E /* srp.h */,
				1832BFE82965BF08003EBA0E /* srtp.h */,
				1832C00B2965BF0A003EBA0E /* ssl.h */,
				1832BFFD2965BF09003EBA0E /* ssl2.h */,
				1832C0052965BF0A003EBA0E /* ssl3.h */,
				1832BFE52965BF08003EBA0E /* sslerr.h */,
				1832C00E2965BF0A003EBA0E /* stack.h */,
				1832C03E2965BF0E003EBA0E /* store.h */,
				1832BFFB2965BF09003EBA0E /* storeerr.h */,
				1832C00D2965BF0A003EBA0E /* symhacks.h */,
				1832BFEA2965BF08003EBA0E /* tls1.h */,
				1832C01D2965BF0B003EBA0E /* ts.h */,
				1832C0142965BF0B003EBA0E /* tserr.h */,
				1832C0382965BF0D003EBA0E /* txt_db.h */,
				1832C03B2965BF0D003EBA0E /* ui.h */,
				1832BFDB2965BF07003EBA0E /* uierr.h */,
				1832C0312965BF0D003EBA0E /* whrlpool.h */,
				1832C0132965BF0B003EBA0E /* x509_vfy.h */,
				1832C01E2965BF0C003EBA0E /* x509.h */,
				1832BFED2965BF08003EBA0E /* x509err.h */,
				1832C00A2965BF0A003EBA0E /* x509v3.h */,
				1832BFFC2965BF09003EBA0E /* x509v3err.h */,
				1832BFBF2965BEE8003EBA0E /* uv */,
				1832BFC92965BEF3003EBA0E /* aix.h */,
				1832BFCA2965BEF3003EBA0E /* android-ifaddrs.h */,
				1832BFCF2965BEF3003EBA0E /* bsd.h */,
				1832BFCC2965BEF3003EBA0E /* darwin.h */,
				1832BFC82965BEF3003EBA0E /* errno.h */,
				1832BFCE2965BEF3003EBA0E /* linux.h */,
				1832BFCB2965BEF3003EBA0E /* os390.h */,
				1832BFD12965BEF4003EBA0E /* posix.h */,
				1832BFD42965BEF4003EBA0E /* stdint-msvc2008.h */,
				1832BFC72965BEF3003EBA0E /* sunos.h */,
				1832BFCD2965BEF3003EBA0E /* threadpool.h */,
				1832BFD32965BEF4003EBA0E /* tree.h */,
				1832BFD22965BEF4003EBA0E /* unix.h */,
				1832BFD52965BEF4003EBA0E /* version.h */,
				1832BFD02965BEF4003EBA0E /* win.h */,
				1832BFB02965BEE8003EBA0E /* uv.h */,
				1832BFC42965BEE9003EBA0E /* v8-cppgc.h */,
				1832BFB62965BEE8003EBA0E /* v8-fast-api-calls.h */,
				1832BFA92965BEE7003EBA0E /* v8-inspector-protocol.h */,
				1832BFAD2965BEE8003EBA0E /* v8-inspector.h */,
				1832BFBC2965BEE8003EBA0E /* v8-internal.h */,
				1832BFAA2965BEE7003EBA0E /* v8-metrics.h */,
				1832BFB82965BEE8003EBA0E /* v8-platform.h */,
				1832BFB42965BEE8003EBA0E /* v8-profiler.h */,
				1832BFA72965BEE7003EBA0E /* v8-unwinder-state.h */,
				1832BFBE2965BEE8003EBA0E /* v8-util.h */,
				1832BFB52965BEE8003EBA0E /* v8-value-serializer-version.h */,
				1832BFB92965BEE8003EBA0E /* v8-version-string.h */,
				1832BFA82965BEE7003EBA0E /* v8-version.h */,
				1832BFAF2965BEE8003EBA0E /* v8-wasm-trap-handler-posix.h */,
				1832BFB12965BEE8003EBA0E /* v8-wasm-trap-handler-win.h */,
				1832BFC02965BEE8003EBA0E /* v8.h */,
				1832BFC32965BEE9003EBA0E /* v8config.h */,
				1832BFBD2965BEE8003EBA0E /* zconf.h */,
				1832BFBB2965BEE8003EBA0E /* zlib.h */,
			);
			path = node;
			sourceTree = "<group>";
		};
		1CEEDB4F07B9978C125775C5 /* Pods */ = {
			isa = PBXGroup;
			children = (
				4831B714C89CCD78AEC44173 /* Pods-ZbayMobile.debug.xcconfig */,
				243B7D560DEB1C707F0DC0DC /* Pods-ZbayMobile.release.xcconfig */,
				DEA82A1BF21846BBE4FB1322 /* Pods-ZbayMobile-ZbayMobileTests.debug.xcconfig */,
				8394C4039BE4E99FB3E0E777 /* Pods-ZbayMobile-ZbayMobileTests.release.xcconfig */,
			);
			path = Pods;
			sourceTree = "<group>";
		};
		2D16E6871FA4F8E400B85C8A /* Frameworks */ = {
			isa = PBXGroup;
			children = (
				1842897B295466AA00CA5039 /* NodeMobile.framework */,
				D1C13886E96F18949CA78867 /* libPods-ZbayMobile.a */,
				D898849847BFA1D235BD59BF /* libPods-ZbayMobile-ZbayMobileTests.a */,
			);
			name = Frameworks;
			sourceTree = "<group>";
		};
		624523FCC5994B7E9869E9CF /* Resources */ = {
			isa = PBXGroup;
			children = (
				087527EFE5B6436EAB420BE2 /* Rubik-Black.ttf */,
				23AE2E9AAC824E76A9C4B3D5 /* Rubik-BlackItalic.ttf */,
				E820B3E5514B49EE8C72DECB /* Rubik-Bold.ttf */,
				84720E58493F44BE8C4784E3 /* Rubik-BoldItalic.ttf */,
				18ED84D0299E4E55AB68AA3E /* Rubik-ExtraBold.ttf */,
				182B8961416E4D4C8A29793D /* Rubik-ExtraBoldItalic.ttf */,
				2386DA39D8B240D9A80ECBD9 /* Rubik-Italic.ttf */,
				706E1601C7B649A8A40A7877 /* Rubik-Light.ttf */,
				F07611BD79814082A0C19928 /* Rubik-LightItalic.ttf */,
				378A1FDC610441568B568410 /* Rubik-Medium.ttf */,
				EBC2A7699E0A49059904DD8C /* Rubik-MediumItalic.ttf */,
				F2CAE82B74814677AFF9779E /* Rubik-Regular.ttf */,
				BF73B04135634980BC656D6C /* Rubik-SemiBold.ttf */,
				2BB5F4B8D4F3462CB8AF6312 /* Rubik-SemiBoldItalic.ttf */,
				18E5F4AA293F7E6A0096E22C /* blank.html */,
			);
			name = Resources;
			sourceTree = "<group>";
		};
		832341AE1AAA6A7D00B99B32 /* Libraries */ = {
			isa = PBXGroup;
			children = (
			);
			name = Libraries;
			sourceTree = "<group>";
		};
		83CBB9F61A601CBA00E9B192 = {
			isa = PBXGroup;
			children = (
				13B07FAE1A68108700A75B9A /* ZbayMobile */,
				832341AE1AAA6A7D00B99B32 /* Libraries */,
				00E356EF1AD99517003FC87E /* ZbayMobileTests */,
				83CBBA001A601CBA00E9B192 /* Products */,
				2D16E6871FA4F8E400B85C8A /* Frameworks */,
				624523FCC5994B7E9869E9CF /* Resources */,
				1CEEDB4F07B9978C125775C5 /* Pods */,
			);
			indentWidth = 2;
			sourceTree = "<group>";
			tabWidth = 2;
			usesTabs = 0;
		};
		83CBBA001A601CBA00E9B192 /* Products */ = {
			isa = PBXGroup;
			children = (
				13B07F961A680F5B00A75B9A /* ZbayMobile.app */,
				00E356EE1AD99517003FC87E /* ZbayMobileTests.xctest */,
			);
			name = Products;
			sourceTree = "<group>";
		};
/* End PBXGroup section */

/* Begin PBXNativeTarget section */
		00E356ED1AD99517003FC87E /* ZbayMobileTests */ = {
			isa = PBXNativeTarget;
			buildConfigurationList = 00E357021AD99517003FC87E /* Build configuration list for PBXNativeTarget "ZbayMobileTests" */;
			buildPhases = (
				0CAFCC44474B898A53755964 /* [CP] Check Pods Manifest.lock */,
				00E356EA1AD99517003FC87E /* Sources */,
				00E356EB1AD99517003FC87E /* Frameworks */,
				00E356EC1AD99517003FC87E /* Resources */,
				91184FF64FCCA804CF034186 /* [CP] Embed Pods Frameworks */,
				A386E637C2D1873981FB6152 /* [CP] Copy Pods Resources */,
			);
			buildRules = (
			);
			dependencies = (
				00E356F51AD99517003FC87E /* PBXTargetDependency */,
			);
			name = ZbayMobileTests;
			productName = ZbayMobileTests;
			productReference = 00E356EE1AD99517003FC87E /* ZbayMobileTests.xctest */;
			productType = "com.apple.product-type.bundle.unit-test";
		};
		13B07F861A680F5B00A75B9A /* ZbayMobile */ = {
			isa = PBXNativeTarget;
			buildConfigurationList = 13B07F931A680F5B00A75B9A /* Build configuration list for PBXNativeTarget "ZbayMobile" */;
			buildPhases = (
				2083994906CAF4D1502C6622 /* [CP] Check Pods Manifest.lock */,
				FD10A7F022414F080027D42C /* Start Packager */,
				13B07F871A680F5B00A75B9A /* Sources */,
				13B07F8C1A680F5B00A75B9A /* Frameworks */,
				13B07F8E1A680F5B00A75B9A /* Resources */,
				00DD1BFF1BD5951E006B06BC /* Bundle React Native code and images */,
				1868B949292E8E6D001D6D5E /* [NODEJS MOBILE] Copy Node.js Project files */,
				18A4F1C32898414100F004F7 /* [NODEJS MOBILE] Build Native Modules */,
				1868B94A292E8EBA001D6D5E /* [NODEJS MOBILE] Sign Native Modules */,
				184289812954A34000CA5039 /* [NODEJS MOBILE] Sign leveldown */,
				3ABCEDB4F460D323E3257FA5 /* [CP] Copy Pods Resources */,
				1868B94B292E8F55001D6D5E /* [NODEJS MOBILE] Remove Simulator Strip */,
				1868C4322930B985001D6D5E /* [CUSTOM NODEJS MOBILE] Correct symlinks */,
				1868C095292F8FE2001D6D5E /* Embed Frameworks */,
				5CD4A653653CF8D2BFFA67E2 /* [CP] Embed Pods Frameworks */,
			);
			buildRules = (
			);
			dependencies = (
			);
			name = ZbayMobile;
			productName = ZbayMobile;
			productReference = 13B07F961A680F5B00A75B9A /* ZbayMobile.app */;
			productType = "com.apple.product-type.application";
		};
/* End PBXNativeTarget section */

/* Begin PBXProject section */
		83CBB9F71A601CBA00E9B192 /* Project object */ = {
			isa = PBXProject;
			attributes = {
				LastUpgradeCheck = 1210;
				TargetAttributes = {
					00E356ED1AD99517003FC87E = {
						CreatedOnToolsVersion = 6.2;
						TestTargetID = 13B07F861A680F5B00A75B9A;
					};
					13B07F861A680F5B00A75B9A = {
						LastSwiftMigration = 1250;
					};
				};
			};
			buildConfigurationList = 83CBB9FA1A601CBA00E9B192 /* Build configuration list for PBXProject "ZbayMobile" */;
			compatibilityVersion = "Xcode 12.0";
			developmentRegion = en;
			hasScannedForEncodings = 0;
			knownRegions = (
				en,
				Base,
			);
			mainGroup = 83CBB9F61A601CBA00E9B192;
			productRefGroup = 83CBBA001A601CBA00E9B192 /* Products */;
			projectDirPath = "";
			projectRoot = "";
			targets = (
				13B07F861A680F5B00A75B9A /* ZbayMobile */,
				00E356ED1AD99517003FC87E /* ZbayMobileTests */,
			);
		};
/* End PBXProject section */

/* Begin PBXResourcesBuildPhase section */
		00E356EC1AD99517003FC87E /* Resources */ = {
			isa = PBXResourcesBuildPhase;
			buildActionMask = 2147483647;
			files = (
			);
			runOnlyForDeploymentPostprocessing = 0;
		};
		13B07F8E1A680F5B00A75B9A /* Resources */ = {
			isa = PBXResourcesBuildPhase;
			buildActionMask = 2147483647;
			files = (
				81AB9BB82411601600AC10FF /* LaunchScreen.storyboard in Resources */,
				13B07FBF1A68108700A75B9A /* Images.xcassets in Resources */,
				069DD1D7AEEE422CAA8DDBAD /* Rubik-Black.ttf in Resources */,
				DB3A77793E604ACE8E52C67D /* Rubik-BlackItalic.ttf in Resources */,
				1832C0422965C27B003EBA0E /* common.gypi in Resources */,
				8A009A60D84E4B08AB0E8152 /* Rubik-Bold.ttf in Resources */,
				DCA6BD5DCC514EEF87705ACB /* Rubik-BoldItalic.ttf in Resources */,
				62541AEC8BEC401EBAAF6198 /* Rubik-ExtraBold.ttf in Resources */,
				1832C0432965C27B003EBA0E /* config.gypi in Resources */,
				9EC9E7C54868433990A479EC /* Rubik-ExtraBoldItalic.ttf in Resources */,
				0109AE73C5324F9B8404B9FE /* Rubik-Italic.ttf in Resources */,
				5CBDF3C0D937401A886684F8 /* Rubik-Light.ttf in Resources */,
				0FBBD0C07F80428D9985FB09 /* Rubik-LightItalic.ttf in Resources */,
				1832BFC62965BEE9003EBA0E /* uv in Resources */,
				B4D947D797C747ABAC4EDB69 /* Rubik-Medium.ttf in Resources */,
				80CCB457674F4979A3C5DB06 /* Rubik-MediumItalic.ttf in Resources */,
				1832C03F2965BF0E003EBA0E /* archs in Resources */,
				1389B75C9E334BCFB4A3E58B /* Rubik-Regular.ttf in Resources */,
				18E5F4AB293F7E6A0096E22C /* blank.html in Resources */,
				1832BFC52965BEE9003EBA0E /* openssl in Resources */,
				7F80A59D9EC1440186E5D5CF /* Rubik-SemiBold.ttf in Resources */,
				43B99DB1C98D429295E8CB91 /* Rubik-SemiBoldItalic.ttf in Resources */,
			);
			runOnlyForDeploymentPostprocessing = 0;
		};
/* End PBXResourcesBuildPhase section */

/* Begin PBXShellScriptBuildPhase section */
		00DD1BFF1BD5951E006B06BC /* Bundle React Native code and images */ = {
			isa = PBXShellScriptBuildPhase;
			buildActionMask = 2147483647;
			files = (
			);
			inputPaths = (
			);
			name = "Bundle React Native code and images";
			outputPaths = (
			);
			runOnlyForDeploymentPostprocessing = 0;
			shellPath = /bin/sh;
			shellScript = "set -e\n\nexport NODE_BINARY=node\n../node_modules/react-native/scripts/react-native-xcode.sh\n";
		};
		0CAFCC44474B898A53755964 /* [CP] Check Pods Manifest.lock */ = {
			isa = PBXShellScriptBuildPhase;
			buildActionMask = 2147483647;
			files = (
			);
			inputFileListPaths = (
			);
			inputPaths = (
				"${PODS_PODFILE_DIR_PATH}/Podfile.lock",
				"${PODS_ROOT}/Manifest.lock",
			);
			name = "[CP] Check Pods Manifest.lock";
			outputFileListPaths = (
			);
			outputPaths = (
				"$(DERIVED_FILE_DIR)/Pods-ZbayMobile-ZbayMobileTests-checkManifestLockResult.txt",
			);
			runOnlyForDeploymentPostprocessing = 0;
			shellPath = /bin/sh;
			shellScript = "diff \"${PODS_PODFILE_DIR_PATH}/Podfile.lock\" \"${PODS_ROOT}/Manifest.lock\" > /dev/null\nif [ $? != 0 ] ; then\n    # print error to STDERR\n    echo \"error: The sandbox is not in sync with the Podfile.lock. Run 'pod install' or update your CocoaPods installation.\" >&2\n    exit 1\nfi\n# This output is used by Xcode 'outputs' to avoid re-running this script phase.\necho \"SUCCESS\" > \"${SCRIPT_OUTPUT_FILE_0}\"\n";
			showEnvVarsInLog = 0;
		};
		184289812954A34000CA5039 /* [NODEJS MOBILE] Sign leveldown */ = {
			isa = PBXShellScriptBuildPhase;
			buildActionMask = 2147483647;
			files = (
			);
			inputFileListPaths = (
			);
			inputPaths = (
			);
			name = "[NODEJS MOBILE] Sign leveldown";
			outputFileListPaths = (
			);
			outputPaths = (
			);
			runOnlyForDeploymentPostprocessing = 0;
			shellPath = /bin/sh;
			shellScript = "    /usr/bin/codesign --force --sign $EXPANDED_CODE_SIGN_IDENTITY --preserve-metadata=identifier,entitlements,flags --timestamp=none \"$CODESIGNING_FOLDER_PATH/nodejs-project/node_modules/leveldown/build/Debug/leveldown.node\"\n    \n    /usr/bin/codesign --force --sign $EXPANDED_CODE_SIGN_IDENTITY --preserve-metadata=identifier,entitlements,flags --timestamp=none \"$CODESIGNING_FOLDER_PATH/nodejs-project/node_modules/classic-level/build/Debug/classic_level.node\"\n";
		};
		1868B949292E8E6D001D6D5E /* [NODEJS MOBILE] Copy Node.js Project files */ = {
			isa = PBXShellScriptBuildPhase;
			buildActionMask = 2147483647;
			files = (
			);
			inputFileListPaths = (
			);
			inputPaths = (
			);
			name = "[NODEJS MOBILE] Copy Node.js Project files";
			outputFileListPaths = (
			);
			outputPaths = (
			);
			runOnlyForDeploymentPostprocessing = 0;
			shellPath = /bin/sh;
			shellScript = "#!/bin/sh\nset -e\nNODEJS_ASSETS_DIR=\"$( cd \"$PROJECT_DIR\" && cd ../nodejs-assets/ && pwd )\"\nNODEJS_BUILT_IN_MODULES_DIR=\"$( cd \"$PROJECT_DIR\" && cd ../nodejs-modules/ && pwd )\"\nif [ -d \"$CODESIGNING_FOLDER_PATH/nodejs-project/\" ]\nthen\nrm -rf \"$CODESIGNING_FOLDER_PATH/nodejs-project/\"\nfi\nif [ -d \"$CODESIGNING_FOLDER_PATH/builtin_modules/\" ]\nthen\nrm -rf \"$CODESIGNING_FOLDER_PATH/builtin_modules/\"\nfi\nrsync -av --delete \"$NODEJS_ASSETS_DIR/nodejs-project\" \"$CODESIGNING_FOLDER_PATH\"\nrsync -av --delete \"$NODEJS_BUILT_IN_MODULES_DIR/builtin_modules\" \"$CODESIGNING_FOLDER_PATH\"\n";
		};
		1868B94A292E8EBA001D6D5E /* [NODEJS MOBILE] Sign Native Modules */ = {
			isa = PBXShellScriptBuildPhase;
			buildActionMask = 2147483647;
			files = (
			);
			inputFileListPaths = (
			);
			inputPaths = (
			);
			name = "[NODEJS MOBILE] Sign Native Modules";
			outputFileListPaths = (
			);
			outputPaths = (
			);
			runOnlyForDeploymentPostprocessing = 0;
			shellPath = /bin/sh;
			shellScript = "#!/bin/sh\nset -e\nif [ -z \"$NODEJS_MOBILE_BUILD_NATIVE_MODULES\" ]; then\n# If build native modules preference is not set, look for it in the project's\n#nodejs-assets/BUILD_NATIVE_MODULES.txt file.\nNODEJS_ASSETS_DIR=\"$( cd \"$PROJECT_DIR\" && cd ../nodejs-assets/ && pwd )\"\nPREFERENCE_FILE_PATH=\"$NODEJS_ASSETS_DIR/BUILD_NATIVE_MODULES.txt\"\n  if [ -f \"$PREFERENCE_FILE_PATH\" ]; then\n    NODEJS_MOBILE_BUILD_NATIVE_MODULES=\"$(cat $PREFERENCE_FILE_PATH | xargs)\"\n  fi\nfi\nif [ -z \"$NODEJS_MOBILE_BUILD_NATIVE_MODULES\" ]; then\n# If build native modules preference is not set, try to find .gyp files\n#to turn it on.\n  gypfiles=($(find \"$CODESIGNING_FOLDER_PATH/nodejs-project/\" -type f -name \"*.gyp\"))\n  if [ ${#gypfiles[@]} -gt 0 ]; then\n    NODEJS_MOBILE_BUILD_NATIVE_MODULES=1\n  else\n    NODEJS_MOBILE_BUILD_NATIVE_MODULES=0\n  fi\nfi\nif [ \"1\" != \"$NODEJS_MOBILE_BUILD_NATIVE_MODULES\" ]; then exit 0; fi\n# Delete object files\nfind \"$CODESIGNING_FOLDER_PATH/nodejs-project/\" -name \"*.o\" -type f -delete\nfind \"$CODESIGNING_FOLDER_PATH/nodejs-project/\" -name \"*.a\" -type f -delete\n# Create Info.plist for each framework built and loader override.\nPATCH_SCRIPT_DIR=\"$( cd \"$PROJECT_DIR\" && cd ../scripts/ && pwd )\"\nNODEJS_PROJECT_DIR=\"$( cd \"$CODESIGNING_FOLDER_PATH\" && cd nodejs-project/ && pwd )\"\nnode \"$PATCH_SCRIPT_DIR\"/ios-create-plists-and-dlopen-override.js $NODEJS_PROJECT_DIR\n# Embed every resulting .framework in the application and delete them afterwards.\nembed_framework()\n{\n    FRAMEWORK_NAME=\"$(basename \"$1\")\"\n    cp -r \"$1\" \"$TARGET_BUILD_DIR/$FRAMEWORKS_FOLDER_PATH/\"\n    /usr/bin/codesign --force --sign $EXPANDED_CODE_SIGN_IDENTITY --preserve-metadata=identifier,entitlements,flags --timestamp=none \"$TARGET_BUILD_DIR/$FRAMEWORKS_FOLDER_PATH/$FRAMEWORK_NAME\"\n}\nfind \"$CODESIGNING_FOLDER_PATH/nodejs-project/\" -name \"*.framework\" -type d | while read frmwrk_path; do embed_framework \"$frmwrk_path\"; done\n\n#Delete gyp temporary .deps dependency folders from the project structure.\nfind \"$CODESIGNING_FOLDER_PATH/nodejs-project/\" -path \"*/.deps/*\" -delete\nfind \"$CODESIGNING_FOLDER_PATH/nodejs-project/\" -name \".deps\" -type d -delete\n\n#Delete frameworks from their build paths\nfind \"$CODESIGNING_FOLDER_PATH/nodejs-project/\" -path \"*/*.framework/*\" -delete\nfind \"$CODESIGNING_FOLDER_PATH/nodejs-project/\" -name \"*.framework\" -type d -delete\n";
		};
		1868B94B292E8F55001D6D5E /* [NODEJS MOBILE] Remove Simulator Strip */ = {
			isa = PBXShellScriptBuildPhase;
			buildActionMask = 2147483647;
			files = (
			);
			inputFileListPaths = (
			);
			inputPaths = (
			);
			name = "[NODEJS MOBILE] Remove Simulator Strip";
			outputFileListPaths = (
			);
			outputPaths = (
			);
			runOnlyForDeploymentPostprocessing = 0;
			shellPath = /bin/sh;
			shellScript = "#!/bin/sh\nset -e\nFRAMEWORK_BINARY_PATH=\"$TARGET_BUILD_DIR/$FRAMEWORKS_FOLDER_PATH/NodeMobile.framework/NodeMobile\"\nFRAMEWORK_STRIPPED_PATH=\"$FRAMEWORK_BINARY_PATH-strip\"\nif [ \"$PLATFORM_NAME\" != \"iphonesimulator\" ]; then\n  if $(lipo \"$FRAMEWORK_BINARY_PATH\" -verify_arch \"x86_64\") ; then\n    lipo -output \"$FRAMEWORK_STRIPPED_PATH\" -remove \"x86_64\" \"$FRAMEWORK_BINARY_PATH\"\n    rm \"$FRAMEWORK_BINARY_PATH\"\n    mv \"$FRAMEWORK_STRIPPED_PATH\" \"$FRAMEWORK_BINARY_PATH\"\n    echo \"Removed simulator strip from NodeMobile.framework\"\n  fi\nfi\n";
		};
		1868C4322930B985001D6D5E /* [CUSTOM NODEJS MOBILE] Correct symlinks */ = {
			isa = PBXShellScriptBuildPhase;
			buildActionMask = 2147483647;
			files = (
			);
			inputFileListPaths = (
			);
			inputPaths = (
			);
			name = "[CUSTOM NODEJS MOBILE] Correct symlinks";
			outputFileListPaths = (
			);
			outputPaths = (
			);
			runOnlyForDeploymentPostprocessing = 0;
			shellPath = /bin/sh;
			shellScript = "cd \"$CODESIGNING_FOLDER_PATH/nodejs-project/node_modules/go-ipfs/bin\" && ln -f -s \"../go-ipfs/ipfs\" \"ipfs\"\n";
		};
		18A4F1C32898414100F004F7 /* [NODEJS MOBILE] Build Native Modules */ = {
			isa = PBXShellScriptBuildPhase;
			buildActionMask = 2147483647;
			files = (
			);
			inputFileListPaths = (
			);
			inputPaths = (
			);
			name = "[NODEJS MOBILE] Build Native Modules";
			outputFileListPaths = (
			);
			outputPaths = (
			);
			runOnlyForDeploymentPostprocessing = 0;
			shellPath = /bin/sh;
			shellScript = "#!/bin/sh\n. ~/.nvm/nvm.sh\nset -ex\nif [ -z \"$NODEJS_MOBILE_BUILD_NATIVE_MODULES\" ]; then\n# If build native modules preference is not set, look for it in the project's\n#nodejs-assets/BUILD_NATIVE_MODULES.txt file.\nNODEJS_ASSETS_DIR=\"$( cd \"$PROJECT_DIR\" && cd ../nodejs-assets/ && pwd )\"\nPREFERENCE_FILE_PATH=\"$NODEJS_ASSETS_DIR/BUILD_NATIVE_MODULES.txt\"\n  if [ -f \"$PREFERENCE_FILE_PATH\" ]; then\n    NODEJS_MOBILE_BUILD_NATIVE_MODULES=\"$(cat $PREFERENCE_FILE_PATH | xargs)\"\n  fi\nfi\nif [ -z \"$NODEJS_MOBILE_BUILD_NATIVE_MODULES\" ]; then\n# If build native modules preference is not set, try to find .gyp files\n#to turn it on.\n  gypfiles=($(find \"$CODESIGNING_FOLDER_PATH/nodejs-project/\" -type f -name \"*.gyp\"))\n  if [ ${#gypfiles[@]} -gt 0 ]; then\n    NODEJS_MOBILE_BUILD_NATIVE_MODULES=1\n  else\n    NODEJS_MOBILE_BUILD_NATIVE_MODULES=0\n  fi\nfi\nif [ \"1\" != \"$NODEJS_MOBILE_BUILD_NATIVE_MODULES\" ]; then exit 0; fi\n# Delete object files that may already come from within the npm package.\nfind \"$CODESIGNING_FOLDER_PATH/nodejs-project/\" -name \"*.o\" -type f -delete\nfind \"$CODESIGNING_FOLDER_PATH/nodejs-project/\" -name \"*.a\" -type f -delete\nfind \"$CODESIGNING_FOLDER_PATH/nodejs-project/\" -name \"*.node\" -type f -delete\n# Delete bundle contents that may be there from previous builds.\nfind \"$CODESIGNING_FOLDER_PATH/nodejs-project/\" -path \"*/*.node/*\" -delete\nfind \"$CODESIGNING_FOLDER_PATH/nodejs-project/\" -name \"*.node\" -type d -delete\nfind \"$CODESIGNING_FOLDER_PATH/nodejs-project/\" -path \"*/*.framework/*\" -delete\nfind \"$CODESIGNING_FOLDER_PATH/nodejs-project/\" -name \"*.framework\" -type d -delete\n# Apply patches to the modules package.json\nif [ -d \"$CODESIGNING_FOLDER_PATH\"/nodejs-project/node_modules/ ]; then\n  PATCH_SCRIPT_DIR=\"$( cd \"$PROJECT_DIR\" && cd ../scripts/ && pwd )\"\n  NODEJS_PROJECT_MODULES_DIR=\"$( cd \"$CODESIGNING_FOLDER_PATH\" && cd nodejs-project/node_modules/ && pwd )\"\n  node \"$PATCH_SCRIPT_DIR\"/patch-package.js $NODEJS_PROJECT_MODULES_DIR\nfi\n# Get the nodejs-mobile-gyp location\nif [ -d \"$PROJECT_DIR/../node_modules/nodejs-mobile-gyp/\" ]; then\n  NODEJS_MOBILE_GYP_DIR=\"$( cd \"$PROJECT_DIR\" && cd ../node_modules/nodejs-mobile-gyp/ && pwd )\"\nelse\n  NODEJS_MOBILE_GYP_DIR=\"$( cd \"$PROJECT_DIR\" && cd ../node_modules/nodejs-mobile-react-native/node_modules/nodejs-mobile-gyp/ && pwd )\"\nfi\nNODEJS_MOBILE_GYP_BIN_FILE=\"$NODEJS_MOBILE_GYP_DIR\"/bin/node-gyp.js\n# Support building neon-bindings (Rust) native modules\nif [ -f ~/.cargo/env ]; then\n  source ~/.cargo/env;\nfi\n# Rebuild modules with right environment\nNODEJS_HEADERS_DIR=\"$( cd \"$PROJECT_DIR\" && cd NodeJsMobile/libnode/ && pwd )\"\npushd $CODESIGNING_FOLDER_PATH/nodejs-project/\nif [ \"$PLATFORM_NAME\" == \"iphoneos\" ]\nthen\n  GYP_DEFINES=\"OS=ios\" CARGO_BUILD_TARGET=\"aarch64-apple-ios\" npm_config_nodedir=\"$NODEJS_HEADERS_DIR\" npm_config_node_gyp=\"$NODEJS_MOBILE_GYP_BIN_FILE\" npm_config_platform=\"ios\" npm_config_format=\"make-ios\" npm_config_node_engine=\"chakracore\" npm_config_arch=\"arm64\" npm --verbose rebuild --build-from-source --debug\nelse\n  GYP_DEFINES=\"OS=ios\" CARGO_BUILD_TARGET=\"x86_64-apple-ios\" npm_config_nodedir=\"$NODEJS_HEADERS_DIR\" npm_config_node_gyp=\"$NODEJS_MOBILE_GYP_BIN_FILE\" npm_config_platform=\"ios\" npm_config_format=\"make-ios\" npm_config_node_engine=\"chakracore\" npm_config_arch=\"x64\" npm --verbose rebuild --build-from-source --debug\nfi\npopd\n";
		};
		2083994906CAF4D1502C6622 /* [CP] Check Pods Manifest.lock */ = {
			isa = PBXShellScriptBuildPhase;
			buildActionMask = 2147483647;
			files = (
			);
			inputFileListPaths = (
			);
			inputPaths = (
				"${PODS_PODFILE_DIR_PATH}/Podfile.lock",
				"${PODS_ROOT}/Manifest.lock",
			);
			name = "[CP] Check Pods Manifest.lock";
			outputFileListPaths = (
			);
			outputPaths = (
				"$(DERIVED_FILE_DIR)/Pods-ZbayMobile-checkManifestLockResult.txt",
			);
			runOnlyForDeploymentPostprocessing = 0;
			shellPath = /bin/sh;
			shellScript = "diff \"${PODS_PODFILE_DIR_PATH}/Podfile.lock\" \"${PODS_ROOT}/Manifest.lock\" > /dev/null\nif [ $? != 0 ] ; then\n    # print error to STDERR\n    echo \"error: The sandbox is not in sync with the Podfile.lock. Run 'pod install' or update your CocoaPods installation.\" >&2\n    exit 1\nfi\n# This output is used by Xcode 'outputs' to avoid re-running this script phase.\necho \"SUCCESS\" > \"${SCRIPT_OUTPUT_FILE_0}\"\n";
			showEnvVarsInLog = 0;
		};
		3ABCEDB4F460D323E3257FA5 /* [CP] Copy Pods Resources */ = {
			isa = PBXShellScriptBuildPhase;
			buildActionMask = 2147483647;
			files = (
			);
			inputFileListPaths = (
				"${PODS_ROOT}/Target Support Files/Pods-ZbayMobile/Pods-ZbayMobile-resources-${CONFIGURATION}-input-files.xcfilelist",
			);
			name = "[CP] Copy Pods Resources";
			outputFileListPaths = (
				"${PODS_ROOT}/Target Support Files/Pods-ZbayMobile/Pods-ZbayMobile-resources-${CONFIGURATION}-output-files.xcfilelist",
			);
			runOnlyForDeploymentPostprocessing = 0;
			shellPath = /bin/sh;
			shellScript = "\"${PODS_ROOT}/Target Support Files/Pods-ZbayMobile/Pods-ZbayMobile-resources.sh\"\n";
			showEnvVarsInLog = 0;
		};
		5CD4A653653CF8D2BFFA67E2 /* [CP] Embed Pods Frameworks */ = {
			isa = PBXShellScriptBuildPhase;
			buildActionMask = 2147483647;
			files = (
			);
			inputFileListPaths = (
				"${PODS_ROOT}/Target Support Files/Pods-ZbayMobile/Pods-ZbayMobile-frameworks-${CONFIGURATION}-input-files.xcfilelist",
			);
			name = "[CP] Embed Pods Frameworks";
			outputFileListPaths = (
				"${PODS_ROOT}/Target Support Files/Pods-ZbayMobile/Pods-ZbayMobile-frameworks-${CONFIGURATION}-output-files.xcfilelist",
			);
			runOnlyForDeploymentPostprocessing = 0;
			shellPath = /bin/sh;
			shellScript = "\"${PODS_ROOT}/Target Support Files/Pods-ZbayMobile/Pods-ZbayMobile-frameworks.sh\"\n";
			showEnvVarsInLog = 0;
		};
		91184FF64FCCA804CF034186 /* [CP] Embed Pods Frameworks */ = {
			isa = PBXShellScriptBuildPhase;
			buildActionMask = 2147483647;
			files = (
			);
			inputFileListPaths = (
				"${PODS_ROOT}/Target Support Files/Pods-ZbayMobile-ZbayMobileTests/Pods-ZbayMobile-ZbayMobileTests-frameworks-${CONFIGURATION}-input-files.xcfilelist",
			);
			name = "[CP] Embed Pods Frameworks";
			outputFileListPaths = (
				"${PODS_ROOT}/Target Support Files/Pods-ZbayMobile-ZbayMobileTests/Pods-ZbayMobile-ZbayMobileTests-frameworks-${CONFIGURATION}-output-files.xcfilelist",
			);
			runOnlyForDeploymentPostprocessing = 0;
			shellPath = /bin/sh;
			shellScript = "\"${PODS_ROOT}/Target Support Files/Pods-ZbayMobile-ZbayMobileTests/Pods-ZbayMobile-ZbayMobileTests-frameworks.sh\"\n";
			showEnvVarsInLog = 0;
		};
		A386E637C2D1873981FB6152 /* [CP] Copy Pods Resources */ = {
			isa = PBXShellScriptBuildPhase;
			buildActionMask = 2147483647;
			files = (
			);
			inputFileListPaths = (
				"${PODS_ROOT}/Target Support Files/Pods-ZbayMobile-ZbayMobileTests/Pods-ZbayMobile-ZbayMobileTests-resources-${CONFIGURATION}-input-files.xcfilelist",
			);
			name = "[CP] Copy Pods Resources";
			outputFileListPaths = (
				"${PODS_ROOT}/Target Support Files/Pods-ZbayMobile-ZbayMobileTests/Pods-ZbayMobile-ZbayMobileTests-resources-${CONFIGURATION}-output-files.xcfilelist",
			);
			runOnlyForDeploymentPostprocessing = 0;
			shellPath = /bin/sh;
			shellScript = "\"${PODS_ROOT}/Target Support Files/Pods-ZbayMobile-ZbayMobileTests/Pods-ZbayMobile-ZbayMobileTests-resources.sh\"\n";
			showEnvVarsInLog = 0;
		};
		FD10A7F022414F080027D42C /* Start Packager */ = {
			isa = PBXShellScriptBuildPhase;
			buildActionMask = 2147483647;
			files = (
			);
			inputFileListPaths = (
			);
			inputPaths = (
			);
			name = "Start Packager";
			outputFileListPaths = (
			);
			outputPaths = (
			);
			runOnlyForDeploymentPostprocessing = 0;
			shellPath = /bin/sh;
			shellScript = "export RCT_METRO_PORT=\"${RCT_METRO_PORT:=8081}\"\necho \"export RCT_METRO_PORT=${RCT_METRO_PORT}\" > \"${SRCROOT}/../node_modules/react-native/scripts/.packager.env\"\nif [ -z \"${RCT_NO_LAUNCH_PACKAGER+xxx}\" ] ; then\n  if nc -w 5 -z localhost ${RCT_METRO_PORT} ; then\n    if ! curl -s \"http://localhost:${RCT_METRO_PORT}/status\" | grep -q \"packager-status:running\" ; then\n      echo \"Port ${RCT_METRO_PORT} already in use, packager is either not running or not running correctly\"\n      exit 2\n    fi\n  else\n    open \"$SRCROOT/../node_modules/react-native/scripts/launchPackager.command\" || echo \"Can't start packager automatically\"\n  fi\nfi\n";
			showEnvVarsInLog = 0;
		};
/* End PBXShellScriptBuildPhase section */

/* Begin PBXSourcesBuildPhase section */
		00E356EA1AD99517003FC87E /* Sources */ = {
			isa = PBXSourcesBuildPhase;
			buildActionMask = 2147483647;
			files = (
				00E356F31AD99517003FC87E /* ZbayMobileTests.m in Sources */,
			);
			runOnlyForDeploymentPostprocessing = 0;
		};
		13B07F871A680F5B00A75B9A /* Sources */ = {
			isa = PBXSourcesBuildPhase;
			buildActionMask = 2147483647;
			files = (
				1868BCF1292E9212001D6D5E /* rn-bridge.cpp in Sources */,
				1889CA4E26E763E1004ECFBD /* Extensions.swift in Sources */,
				1898143A2934CF70001F39E7 /* TorHandler.swift in Sources */,
				1868BCEE292E9212001D6D5E /* RNNodeJsMobile.m in Sources */,
				13B07FBC1A68108700A75B9A /* AppDelegate.m in Sources */,
				1868C4382930D7D6001D6D5E /* DataDirectory.swift in Sources */,
				1868C43E2930EAEA001D6D5E /* CommunicationBridge.m in Sources */,
				1868C43A2930D859001D6D5E /* FindFreePort.swift in Sources */,
				13B07FC11A68108700A75B9A /* main.m in Sources */,
				1868BCED292E9212001D6D5E /* NodeRunner.mm in Sources */,
				1868C43C2930E255001D6D5E /* CommunicationModule.swift in Sources */,
			);
			runOnlyForDeploymentPostprocessing = 0;
		};
/* End PBXSourcesBuildPhase section */

/* Begin PBXTargetDependency section */
		00E356F51AD99517003FC87E /* PBXTargetDependency */ = {
			isa = PBXTargetDependency;
			target = 13B07F861A680F5B00A75B9A /* ZbayMobile */;
			targetProxy = 00E356F41AD99517003FC87E /* PBXContainerItemProxy */;
		};
/* End PBXTargetDependency section */

/* Begin XCBuildConfiguration section */
		00E356F61AD99517003FC87E /* Debug */ = {
			isa = XCBuildConfiguration;
			baseConfigurationReference = DEA82A1BF21846BBE4FB1322 /* Pods-ZbayMobile-ZbayMobileTests.debug.xcconfig */;
			buildSettings = {
				ALWAYS_EMBED_SWIFT_STANDARD_LIBRARIES = YES;
				BUNDLE_LOADER = "$(TEST_HOST)";
				FRAMEWORK_SEARCH_PATHS = (
					"$(inherited)",
					"$(PROJECT_DIR)/NodeJsMobile",
				);
				GCC_PREPROCESSOR_DEFINITIONS = (
					"DEBUG=1",
					"$(inherited)",
				);
				INFOPLIST_FILE = ZbayMobileTests/Info.plist;
				IPHONEOS_DEPLOYMENT_TARGET = 10.0;
				LD_RUNPATH_SEARCH_PATHS = (
					"$(inherited)",
					"@executable_path/Frameworks",
					"@loader_path/Frameworks",
				);
				OTHER_LDFLAGS = (
					"-ObjC",
					"-lc++",
					"$(inherited)",
				);
				PRODUCT_BUNDLE_IDENTIFIER = "org.reactjs.native.example.$(PRODUCT_NAME:rfc1034identifier)";
				PRODUCT_NAME = "$(TARGET_NAME)";
				TEST_HOST = "$(BUILT_PRODUCTS_DIR)/ZbayMobile.app/ZbayMobile";
			};
			name = Debug;
		};
		00E356F71AD99517003FC87E /* Release */ = {
			isa = XCBuildConfiguration;
			baseConfigurationReference = 8394C4039BE4E99FB3E0E777 /* Pods-ZbayMobile-ZbayMobileTests.release.xcconfig */;
			buildSettings = {
				ALWAYS_EMBED_SWIFT_STANDARD_LIBRARIES = YES;
				BUNDLE_LOADER = "$(TEST_HOST)";
				COPY_PHASE_STRIP = NO;
				FRAMEWORK_SEARCH_PATHS = (
					"$(inherited)",
					"$(PROJECT_DIR)/NodeJsMobile",
				);
				INFOPLIST_FILE = ZbayMobileTests/Info.plist;
				IPHONEOS_DEPLOYMENT_TARGET = 10.0;
				LD_RUNPATH_SEARCH_PATHS = (
					"$(inherited)",
					"@executable_path/Frameworks",
					"@loader_path/Frameworks",
				);
				OTHER_LDFLAGS = (
					"-ObjC",
					"-lc++",
					"$(inherited)",
				);
				PRODUCT_BUNDLE_IDENTIFIER = "org.reactjs.native.example.$(PRODUCT_NAME:rfc1034identifier)";
				PRODUCT_NAME = "$(TARGET_NAME)";
				TEST_HOST = "$(BUILT_PRODUCTS_DIR)/ZbayMobile.app/ZbayMobile";
			};
			name = Release;
		};
		13B07F941A680F5B00A75B9A /* Debug */ = {
			isa = XCBuildConfiguration;
			baseConfigurationReference = 4831B714C89CCD78AEC44173 /* Pods-ZbayMobile.debug.xcconfig */;
			buildSettings = {
				ARCHS = "$(ARCHS_STANDARD)";
				ASSETCATALOG_COMPILER_APPICON_NAME = AppIcon;
				CLANG_ENABLE_MODULES = YES;
				CODE_SIGN_ENTITLEMENTS = ZbayMobile/ZbayMobile.entitlements;
				CODE_SIGN_IDENTITY = "Apple Development";
				CODE_SIGN_STYLE = Automatic;
				CURRENT_PROJECT_VERSION = 42;
				DEVELOPMENT_TEAM = CTYKSWN9T4;
				ENABLE_BITCODE = NO;
				FRAMEWORK_SEARCH_PATHS = (
					"$(inherited)",
					"$(PROJECT_DIR)/Pods",
					"$(PROJECT_DIR)/NodeJsMobile",
				);
				INFOPLIST_FILE = ZbayMobile/Info.plist;
				IPHONEOS_DEPLOYMENT_TARGET = 14.1;
				LD_RUNPATH_SEARCH_PATHS = (
					"$(inherited)",
					"@executable_path/Frameworks",
				);
				MARKETING_VERSION = 1.5.0;
				OTHER_LDFLAGS = (
					"$(inherited)",
					"-ObjC",
					"-lc++",
				);
				PRODUCT_BUNDLE_IDENTIFIER = com.zbaymobile;
				PRODUCT_NAME = ZbayMobile;
				PROVISIONING_PROFILE_SPECIFIER = "";
				SWIFT_OBJC_BRIDGING_HEADER = "ZbayMobile-Bridging-Header.h";
				SWIFT_OPTIMIZATION_LEVEL = "-Onone";
				SWIFT_VERSION = 5.0;
				VERSIONING_SYSTEM = "apple-generic";
			};
			name = Debug;
		};
		13B07F951A680F5B00A75B9A /* Release */ = {
			isa = XCBuildConfiguration;
			baseConfigurationReference = 243B7D560DEB1C707F0DC0DC /* Pods-ZbayMobile.release.xcconfig */;
			buildSettings = {
				ARCHS = "$(ARCHS_STANDARD)";
				ASSETCATALOG_COMPILER_APPICON_NAME = AppIcon;
				CLANG_ENABLE_MODULES = YES;
				CODE_SIGN_ENTITLEMENTS = ZbayMobile/ZbayMobile.entitlements;
				CODE_SIGN_IDENTITY = "iPhone Distribution";
				CODE_SIGN_STYLE = Manual;
				CURRENT_PROJECT_VERSION = 42;
				DEVELOPMENT_TEAM = CTYKSWN9T4;
				ENABLE_BITCODE = NO;
				FRAMEWORK_SEARCH_PATHS = (
					"$(inherited)",
					"$(PROJECT_DIR)/Pods",
					"$(PROJECT_DIR)/NodeJsMobile",
				);
				INFOPLIST_FILE = ZbayMobile/Info.plist;
				IPHONEOS_DEPLOYMENT_TARGET = 14.1;
				LD_RUNPATH_SEARCH_PATHS = (
					"$(inherited)",
					"@executable_path/Frameworks",
				);
				MARKETING_VERSION = 1.5.0;
				OTHER_LDFLAGS = (
					"$(inherited)",
					"-ObjC",
					"-lc++",
				);
				PRODUCT_BUNDLE_IDENTIFIER = com.zbaymobile;
				PRODUCT_NAME = ZbayMobile;
				PROVISIONING_PROFILE_SPECIFIER = CI;
				SWIFT_OBJC_BRIDGING_HEADER = "ZbayMobile-Bridging-Header.h";
				SWIFT_VERSION = 5.0;
				VERSIONING_SYSTEM = "apple-generic";
			};
			name = Release;
		};
		83CBBA201A601CBA00E9B192 /* Debug */ = {
			isa = XCBuildConfiguration;
			buildSettings = {
				ALWAYS_SEARCH_USER_PATHS = NO;
				CLANG_ANALYZER_LOCALIZABILITY_NONLOCALIZED = YES;
				CLANG_CXX_LANGUAGE_STANDARD = "c++17";
				CLANG_CXX_LIBRARY = "libc++";
				CLANG_ENABLE_MODULES = YES;
				CLANG_ENABLE_OBJC_ARC = YES;
				CLANG_WARN_BLOCK_CAPTURE_AUTORELEASING = YES;
				CLANG_WARN_BOOL_CONVERSION = YES;
				CLANG_WARN_COMMA = YES;
				CLANG_WARN_CONSTANT_CONVERSION = YES;
				CLANG_WARN_DEPRECATED_OBJC_IMPLEMENTATIONS = YES;
				CLANG_WARN_DIRECT_OBJC_ISA_USAGE = YES_ERROR;
				CLANG_WARN_EMPTY_BODY = YES;
				CLANG_WARN_ENUM_CONVERSION = YES;
				CLANG_WARN_INFINITE_RECURSION = YES;
				CLANG_WARN_INT_CONVERSION = YES;
				CLANG_WARN_NON_LITERAL_NULL_CONVERSION = YES;
				CLANG_WARN_OBJC_IMPLICIT_RETAIN_SELF = YES;
				CLANG_WARN_OBJC_LITERAL_CONVERSION = YES;
				CLANG_WARN_OBJC_ROOT_CLASS = YES_ERROR;
				CLANG_WARN_QUOTED_INCLUDE_IN_FRAMEWORK_HEADER = YES;
				CLANG_WARN_RANGE_LOOP_ANALYSIS = YES;
				CLANG_WARN_STRICT_PROTOTYPES = YES;
				CLANG_WARN_SUSPICIOUS_MOVE = YES;
				CLANG_WARN_UNREACHABLE_CODE = YES;
				CLANG_WARN__DUPLICATE_METHOD_MATCH = YES;
				"CODE_SIGN_IDENTITY[sdk=iphoneos*]" = "iPhone Developer";
				COPY_PHASE_STRIP = NO;
				ENABLE_STRICT_OBJC_MSGSEND = YES;
				ENABLE_TESTABILITY = YES;
				"EXCLUDED_ARCHS[sdk=iphonesimulator*]" = "";
				GCC_C_LANGUAGE_STANDARD = gnu99;
				GCC_DYNAMIC_NO_PIC = NO;
				GCC_NO_COMMON_BLOCKS = YES;
				GCC_OPTIMIZATION_LEVEL = 0;
				GCC_PREPROCESSOR_DEFINITIONS = (
					"DEBUG=1",
					"$(inherited)",
				);
				GCC_SYMBOLS_PRIVATE_EXTERN = NO;
				GCC_WARN_64_TO_32_BIT_CONVERSION = YES;
				GCC_WARN_ABOUT_RETURN_TYPE = YES_ERROR;
				GCC_WARN_UNDECLARED_SELECTOR = YES;
				GCC_WARN_UNINITIALIZED_AUTOS = YES_AGGRESSIVE;
				GCC_WARN_UNUSED_FUNCTION = YES;
				GCC_WARN_UNUSED_VARIABLE = YES;
				IPHONEOS_DEPLOYMENT_TARGET = 14.1;
				LD_RUNPATH_SEARCH_PATHS = (
					/usr/lib/swift,
					"$(inherited)",
				);
				LIBRARY_SEARCH_PATHS = (
					"$(SDKROOT)/usr/lib/swift",
					"\"$(TOOLCHAIN_DIR)/usr/lib/swift/$(PLATFORM_NAME)\"",
					"\"$(inherited)\"",
				);
				MTL_ENABLE_DEBUG_INFO = YES;
				ONLY_ACTIVE_ARCH = YES;
				REACT_NATIVE_PATH = "${PODS_ROOT}/../../node_modules/react-native";
				SDKROOT = iphoneos;
			};
			name = Debug;
		};
		83CBBA211A601CBA00E9B192 /* Release */ = {
			isa = XCBuildConfiguration;
			buildSettings = {
				ALWAYS_SEARCH_USER_PATHS = NO;
				CLANG_ANALYZER_LOCALIZABILITY_NONLOCALIZED = YES;
				CLANG_CXX_LANGUAGE_STANDARD = "c++17";
				CLANG_CXX_LIBRARY = "libc++";
				CLANG_ENABLE_MODULES = YES;
				CLANG_ENABLE_OBJC_ARC = YES;
				CLANG_WARN_BLOCK_CAPTURE_AUTORELEASING = YES;
				CLANG_WARN_BOOL_CONVERSION = YES;
				CLANG_WARN_COMMA = YES;
				CLANG_WARN_CONSTANT_CONVERSION = YES;
				CLANG_WARN_DEPRECATED_OBJC_IMPLEMENTATIONS = YES;
				CLANG_WARN_DIRECT_OBJC_ISA_USAGE = YES_ERROR;
				CLANG_WARN_EMPTY_BODY = YES;
				CLANG_WARN_ENUM_CONVERSION = YES;
				CLANG_WARN_INFINITE_RECURSION = YES;
				CLANG_WARN_INT_CONVERSION = YES;
				CLANG_WARN_NON_LITERAL_NULL_CONVERSION = YES;
				CLANG_WARN_OBJC_IMPLICIT_RETAIN_SELF = YES;
				CLANG_WARN_OBJC_LITERAL_CONVERSION = YES;
				CLANG_WARN_OBJC_ROOT_CLASS = YES_ERROR;
				CLANG_WARN_QUOTED_INCLUDE_IN_FRAMEWORK_HEADER = YES;
				CLANG_WARN_RANGE_LOOP_ANALYSIS = YES;
				CLANG_WARN_STRICT_PROTOTYPES = YES;
				CLANG_WARN_SUSPICIOUS_MOVE = YES;
				CLANG_WARN_UNREACHABLE_CODE = YES;
				CLANG_WARN__DUPLICATE_METHOD_MATCH = YES;
				"CODE_SIGN_IDENTITY[sdk=iphoneos*]" = "iPhone Developer";
				COPY_PHASE_STRIP = YES;
				ENABLE_NS_ASSERTIONS = NO;
				ENABLE_STRICT_OBJC_MSGSEND = YES;
				"EXCLUDED_ARCHS[sdk=iphonesimulator*]" = "";
				GCC_C_LANGUAGE_STANDARD = gnu99;
				GCC_NO_COMMON_BLOCKS = YES;
				GCC_WARN_64_TO_32_BIT_CONVERSION = YES;
				GCC_WARN_ABOUT_RETURN_TYPE = YES_ERROR;
				GCC_WARN_UNDECLARED_SELECTOR = YES;
				GCC_WARN_UNINITIALIZED_AUTOS = YES_AGGRESSIVE;
				GCC_WARN_UNUSED_FUNCTION = YES;
				GCC_WARN_UNUSED_VARIABLE = YES;
				IPHONEOS_DEPLOYMENT_TARGET = 14.1;
				LD_RUNPATH_SEARCH_PATHS = (
					/usr/lib/swift,
					"$(inherited)",
				);
				LIBRARY_SEARCH_PATHS = (
					"$(SDKROOT)/usr/lib/swift",
					"\"$(TOOLCHAIN_DIR)/usr/lib/swift/$(PLATFORM_NAME)\"",
					"\"$(inherited)\"",
				);
				MTL_ENABLE_DEBUG_INFO = NO;
				REACT_NATIVE_PATH = "${PODS_ROOT}/../../node_modules/react-native";
				SDKROOT = iphoneos;
				VALIDATE_PRODUCT = YES;
			};
			name = Release;
		};
/* End XCBuildConfiguration section */

/* Begin XCConfigurationList section */
		00E357021AD99517003FC87E /* Build configuration list for PBXNativeTarget "ZbayMobileTests" */ = {
			isa = XCConfigurationList;
			buildConfigurations = (
				00E356F61AD99517003FC87E /* Debug */,
				00E356F71AD99517003FC87E /* Release */,
			);
			defaultConfigurationIsVisible = 0;
			defaultConfigurationName = Release;
		};
		13B07F931A680F5B00A75B9A /* Build configuration list for PBXNativeTarget "ZbayMobile" */ = {
			isa = XCConfigurationList;
			buildConfigurations = (
				13B07F941A680F5B00A75B9A /* Debug */,
				13B07F951A680F5B00A75B9A /* Release */,
			);
			defaultConfigurationIsVisible = 0;
			defaultConfigurationName = Release;
		};
		83CBB9FA1A601CBA00E9B192 /* Build configuration list for PBXProject "ZbayMobile" */ = {
			isa = XCConfigurationList;
			buildConfigurations = (
				83CBBA201A601CBA00E9B192 /* Debug */,
				83CBBA211A601CBA00E9B192 /* Release */,
			);
			defaultConfigurationIsVisible = 0;
			defaultConfigurationName = Release;
		};
/* End XCConfigurationList section */
	};
	rootObject = 83CBB9F71A601CBA00E9B192 /* Project object */;
}
